// !$*UTF8*$!
{
	archiveVersion = 1;
	classes = {
	};
	objectVersion = 56;
	objects = {

/* Begin PBXBuildFile section */
		496AD0482B9BDB8C00C94D14 /* AppleiPhoneChooseApp.swift in Sources */ = {isa = PBXBuildFile; fileRef = 496AD0472B9BDB8C00C94D14 /* AppleiPhoneChooseApp.swift */; };
		496AD04A2B9BDB8C00C94D14 /* ContentView.swift in Sources */ = {isa = PBXBuildFile; fileRef = 496AD0492B9BDB8C00C94D14 /* ContentView.swift */; };
		496AD04C2B9BDB8E00C94D14 /* Assets.xcassets in Resources */ = {isa = PBXBuildFile; fileRef = 496AD04B2B9BDB8E00C94D14 /* Assets.xcassets */; };
		496AD04F2B9BDB8E00C94D14 /* Preview Assets.xcassets in Resources */ = {isa = PBXBuildFile; fileRef = 496AD04E2B9BDB8E00C94D14 /* Preview Assets.xcassets */; };
		496AD0592B9BDB8F00C94D14 /* AppleiPhoneChooseTests.swift in Sources */ = {isa = PBXBuildFile; fileRef = 496AD0582B9BDB8F00C94D14 /* AppleiPhoneChooseTests.swift */; };
		496AD0632B9BDB8F00C94D14 /* AppleiPhoneChooseUITests.swift in Sources */ = {isa = PBXBuildFile; fileRef = 496AD0622B9BDB8F00C94D14 /* AppleiPhoneChooseUITests.swift */; };
		496AD0652B9BDB8F00C94D14 /* AppleiPhoneChooseUITestsLaunchTests.swift in Sources */ = {isa = PBXBuildFile; fileRef = 496AD0642B9BDB8F00C94D14 /* AppleiPhoneChooseUITestsLaunchTests.swift */; };
		496AD0722B9BF11B00C94D14 /* FinishItemView.swift in Sources */ = {isa = PBXBuildFile; fileRef = 496AD0712B9BF11B00C94D14 /* FinishItemView.swift */; };
		496AD0742B9BF65100C94D14 /* CapacityItemView.swift in Sources */ = {isa = PBXBuildFile; fileRef = 496AD0732B9BF65100C94D14 /* CapacityItemView.swift */; };
/* End PBXBuildFile section */

/* Begin PBXContainerItemProxy section */
		496AD0552B9BDB8F00C94D14 /* PBXContainerItemProxy */ = {
			isa = PBXContainerItemProxy;
			containerPortal = 496AD03C2B9BDB8C00C94D14 /* Project object */;
			proxyType = 1;
			remoteGlobalIDString = 496AD0432B9BDB8C00C94D14;
			remoteInfo = AppleiPhoneChoose;
		};
		496AD05F2B9BDB8F00C94D14 /* PBXContainerItemProxy */ = {
			isa = PBXContainerItemProxy;
			containerPortal = 496AD03C2B9BDB8C00C94D14 /* Project object */;
			proxyType = 1;
			remoteGlobalIDString = 496AD0432B9BDB8C00C94D14;
			remoteInfo = AppleiPhoneChoose;
		};
/* End PBXContainerItemProxy section */

/* Begin PBXFileReference section */
		496AD0442B9BDB8C00C94D14 /* AppleiPhoneChoose.app */ = {isa = PBXFileReference; explicitFileType = wrapper.application; includeInIndex = 0; path = AppleiPhoneChoose.app; sourceTree = BUILT_PRODUCTS_DIR; };
		496AD0472B9BDB8C00C94D14 /* AppleiPhoneChooseApp.swift */ = {isa = PBXFileReference; lastKnownFileType = sourcecode.swift; path = AppleiPhoneChooseApp.swift; sourceTree = "<group>"; };
		496AD0492B9BDB8C00C94D14 /* ContentView.swift */ = {isa = PBXFileReference; lastKnownFileType = sourcecode.swift; path = ContentView.swift; sourceTree = "<group>"; };
		496AD04B2B9BDB8E00C94D14 /* Assets.xcassets */ = {isa = PBXFileReference; lastKnownFileType = folder.assetcatalog; path = Assets.xcassets; sourceTree = "<group>"; };
		496AD04E2B9BDB8E00C94D14 /* Preview Assets.xcassets */ = {isa = PBXFileReference; lastKnownFileType = folder.assetcatalog; path = "Preview Assets.xcassets"; sourceTree = "<group>"; };
		496AD0542B9BDB8F00C94D14 /* AppleiPhoneChooseTests.xctest */ = {isa = PBXFileReference; explicitFileType = wrapper.cfbundle; includeInIndex = 0; path = AppleiPhoneChooseTests.xctest; sourceTree = BUILT_PRODUCTS_DIR; };
		496AD0582B9BDB8F00C94D14 /* AppleiPhoneChooseTests.swift */ = {isa = PBXFileReference; lastKnownFileType = sourcecode.swift; path = AppleiPhoneChooseTests.swift; sourceTree = "<group>"; };
		496AD05E2B9BDB8F00C94D14 /* AppleiPhoneChooseUITests.xctest */ = {isa = PBXFileReference; explicitFileType = wrapper.cfbundle; includeInIndex = 0; path = AppleiPhoneChooseUITests.xctest; sourceTree = BUILT_PRODUCTS_DIR; };
		496AD0622B9BDB8F00C94D14 /* AppleiPhoneChooseUITests.swift */ = {isa = PBXFileReference; lastKnownFileType = sourcecode.swift; path = AppleiPhoneChooseUITests.swift; sourceTree = "<group>"; };
		496AD0642B9BDB8F00C94D14 /* AppleiPhoneChooseUITestsLaunchTests.swift */ = {isa = PBXFileReference; lastKnownFileType = sourcecode.swift; path = AppleiPhoneChooseUITestsLaunchTests.swift; sourceTree = "<group>"; };
		496AD0712B9BF11B00C94D14 /* FinishItemView.swift */ = {isa = PBXFileReference; lastKnownFileType = sourcecode.swift; path = FinishItemView.swift; sourceTree = "<group>"; };
		496AD0732B9BF65100C94D14 /* CapacityItemView.swift */ = {isa = PBXFileReference; lastKnownFileType = sourcecode.swift; path = CapacityItemView.swift; sourceTree = "<group>"; };
/* End PBXFileReference section */

/* Begin PBXFrameworksBuildPhase section */
		496AD0412B9BDB8C00C94D14 /* Frameworks */ = {
			isa = PBXFrameworksBuildPhase;
			buildActionMask = 2147483647;
			files = (
			);
			runOnlyForDeploymentPostprocessing = 0;
		};
		496AD0512B9BDB8F00C94D14 /* Frameworks */ = {
			isa = PBXFrameworksBuildPhase;
			buildActionMask = 2147483647;
			files = (
			);
			runOnlyForDeploymentPostprocessing = 0;
		};
		496AD05B2B9BDB8F00C94D14 /* Frameworks */ = {
			isa = PBXFrameworksBuildPhase;
			buildActionMask = 2147483647;
			files = (
			);
			runOnlyForDeploymentPostprocessing = 0;
		};
/* End PBXFrameworksBuildPhase section */

/* Begin PBXGroup section */
		496AD03B2B9BDB8C00C94D14 = {
			isa = PBXGroup;
			children = (
				496AD0462B9BDB8C00C94D14 /* AppleiPhoneChoose */,
				496AD0572B9BDB8F00C94D14 /* AppleiPhoneChooseTests */,
				496AD0612B9BDB8F00C94D14 /* AppleiPhoneChooseUITests */,
				496AD0452B9BDB8C00C94D14 /* Products */,
			);
			sourceTree = "<group>";
		};
		496AD0452B9BDB8C00C94D14 /* Products */ = {
			isa = PBXGroup;
			children = (
				496AD0442B9BDB8C00C94D14 /* AppleiPhoneChoose.app */,
				496AD0542B9BDB8F00C94D14 /* AppleiPhoneChooseTests.xctest */,
				496AD05E2B9BDB8F00C94D14 /* AppleiPhoneChooseUITests.xctest */,
			);
			name = Products;
			sourceTree = "<group>";
		};
		496AD0462B9BDB8C00C94D14 /* AppleiPhoneChoose */ = {
			isa = PBXGroup;
			children = (
				496AD0472B9BDB8C00C94D14 /* AppleiPhoneChooseApp.swift */,
				496AD0492B9BDB8C00C94D14 /* ContentView.swift */,
				496AD04B2B9BDB8E00C94D14 /* Assets.xcassets */,
				496AD04D2B9BDB8E00C94D14 /* Preview Content */,
				496AD0712B9BF11B00C94D14 /* FinishItemView.swift */,
				496AD0732B9BF65100C94D14 /* CapacityItemView.swift */,
			);
			path = AppleiPhoneChoose;
			sourceTree = "<group>";
		};
		496AD04D2B9BDB8E00C94D14 /* Preview Content */ = {
			isa = PBXGroup;
			children = (
				496AD04E2B9BDB8E00C94D14 /* Preview Assets.xcassets */,
			);
			path = "Preview Content";
			sourceTree = "<group>";
		};
		496AD0572B9BDB8F00C94D14 /* AppleiPhoneChooseTests */ = {
			isa = PBXGroup;
			children = (
				496AD0582B9BDB8F00C94D14 /* AppleiPhoneChooseTests.swift */,
			);
			path = AppleiPhoneChooseTests;
			sourceTree = "<group>";
		};
		496AD0612B9BDB8F00C94D14 /* AppleiPhoneChooseUITests */ = {
			isa = PBXGroup;
			children = (
				496AD0622B9BDB8F00C94D14 /* AppleiPhoneChooseUITests.swift */,
				496AD0642B9BDB8F00C94D14 /* AppleiPhoneChooseUITestsLaunchTests.swift */,
			);
			path = AppleiPhoneChooseUITests;
			sourceTree = "<group>";
		};
/* End PBXGroup section */

/* Begin PBXNativeTarget section */
		496AD0432B9BDB8C00C94D14 /* AppleiPhoneChoose */ = {
			isa = PBXNativeTarget;
			buildConfigurationList = 496AD0682B9BDB8F00C94D14 /* Build configuration list for PBXNativeTarget "AppleiPhoneChoose" */;
			buildPhases = (
				496AD0402B9BDB8C00C94D14 /* Sources */,
				496AD0412B9BDB8C00C94D14 /* Frameworks */,
				496AD0422B9BDB8C00C94D14 /* Resources */,
			);
			buildRules = (
			);
			dependencies = (
			);
			name = AppleiPhoneChoose;
			productName = AppleiPhoneChoose;
			productReference = 496AD0442B9BDB8C00C94D14 /* AppleiPhoneChoose.app */;
			productType = "com.apple.product-type.application";
		};
		496AD0532B9BDB8F00C94D14 /* AppleiPhoneChooseTests */ = {
			isa = PBXNativeTarget;
			buildConfigurationList = 496AD06B2B9BDB8F00C94D14 /* Build configuration list for PBXNativeTarget "AppleiPhoneChooseTests" */;
			buildPhases = (
				496AD0502B9BDB8F00C94D14 /* Sources */,
				496AD0512B9BDB8F00C94D14 /* Frameworks */,
				496AD0522B9BDB8F00C94D14 /* Resources */,
			);
			buildRules = (
			);
			dependencies = (
				496AD0562B9BDB8F00C94D14 /* PBXTargetDependency */,
			);
			name = AppleiPhoneChooseTests;
			productName = AppleiPhoneChooseTests;
			productReference = 496AD0542B9BDB8F00C94D14 /* AppleiPhoneChooseTests.xctest */;
			productType = "com.apple.product-type.bundle.unit-test";
		};
		496AD05D2B9BDB8F00C94D14 /* AppleiPhoneChooseUITests */ = {
			isa = PBXNativeTarget;
			buildConfigurationList = 496AD06E2B9BDB8F00C94D14 /* Build configuration list for PBXNativeTarget "AppleiPhoneChooseUITests" */;
			buildPhases = (
				496AD05A2B9BDB8F00C94D14 /* Sources */,
				496AD05B2B9BDB8F00C94D14 /* Frameworks */,
				496AD05C2B9BDB8F00C94D14 /* Resources */,
			);
			buildRules = (
			);
			dependencies = (
				496AD0602B9BDB8F00C94D14 /* PBXTargetDependency */,
			);
			name = AppleiPhoneChooseUITests;
			productName = AppleiPhoneChooseUITests;
			productReference = 496AD05E2B9BDB8F00C94D14 /* AppleiPhoneChooseUITests.xctest */;
			productType = "com.apple.product-type.bundle.ui-testing";
		};
/* End PBXNativeTarget section */

/* Begin PBXProject section */
		496AD03C2B9BDB8C00C94D14 /* Project object */ = {
			isa = PBXProject;
			attributes = {
				BuildIndependentTargetsInParallel = 1;
				LastSwiftUpdateCheck = 1530;
				LastUpgradeCheck = 1530;
				TargetAttributes = {
					496AD0432B9BDB8C00C94D14 = {
						CreatedOnToolsVersion = 15.3;
					};
					496AD0532B9BDB8F00C94D14 = {
						CreatedOnToolsVersion = 15.3;
						TestTargetID = 496AD0432B9BDB8C00C94D14;
					};
					496AD05D2B9BDB8F00C94D14 = {
						CreatedOnToolsVersion = 15.3;
						TestTargetID = 496AD0432B9BDB8C00C94D14;
					};
				};
			};
			buildConfigurationList = 496AD03F2B9BDB8C00C94D14 /* Build configuration list for PBXProject "AppleiPhoneChoose" */;
			compatibilityVersion = "Xcode 14.0";
			developmentRegion = en;
			hasScannedForEncodings = 0;
			knownRegions = (
				en,
				Base,
			);
			mainGroup = 496AD03B2B9BDB8C00C94D14;
			productRefGroup = 496AD0452B9BDB8C00C94D14 /* Products */;
			projectDirPath = "";
			projectRoot = "";
			targets = (
				496AD0432B9BDB8C00C94D14 /* AppleiPhoneChoose */,
				496AD0532B9BDB8F00C94D14 /* AppleiPhoneChooseTests */,
				496AD05D2B9BDB8F00C94D14 /* AppleiPhoneChooseUITests */,
			);
		};
/* End PBXProject section */

/* Begin PBXResourcesBuildPhase section */
		496AD0422B9BDB8C00C94D14 /* Resources */ = {
			isa = PBXResourcesBuildPhase;
			buildActionMask = 2147483647;
			files = (
				496AD04F2B9BDB8E00C94D14 /* Preview Assets.xcassets in Resources */,
				496AD04C2B9BDB8E00C94D14 /* Assets.xcassets in Resources */,
			);
			runOnlyForDeploymentPostprocessing = 0;
		};
		496AD0522B9BDB8F00C94D14 /* Resources */ = {
			isa = PBXResourcesBuildPhase;
			buildActionMask = 2147483647;
			files = (
			);
			runOnlyForDeploymentPostprocessing = 0;
		};
		496AD05C2B9BDB8F00C94D14 /* Resources */ = {
			isa = PBXResourcesBuildPhase;
			buildActionMask = 2147483647;
			files = (
			);
			runOnlyForDeploymentPostprocessing = 0;
		};
/* End PBXResourcesBuildPhase section */

/* Begin PBXSourcesBuildPhase section */
		496AD0402B9BDB8C00C94D14 /* Sources */ = {
			isa = PBXSourcesBuildPhase;
			buildActionMask = 2147483647;
			files = (
				496AD0722B9BF11B00C94D14 /* FinishItemView.swift in Sources */,
				496AD0742B9BF65100C94D14 /* CapacityItemView.swift in Sources */,
				496AD04A2B9BDB8C00C94D14 /* ContentView.swift in Sources */,
				496AD0482B9BDB8C00C94D14 /* AppleiPhoneChooseApp.swift in Sources */,
			);
			runOnlyForDeploymentPostprocessing = 0;
		};
		496AD0502B9BDB8F00C94D14 /* Sources */ = {
			isa = PBXSourcesBuildPhase;
			buildActionMask = 2147483647;
			files = (
				496AD0592B9BDB8F00C94D14 /* AppleiPhoneChooseTests.swift in Sources */,
			);
			runOnlyForDeploymentPostprocessing = 0;
		};
		496AD05A2B9BDB8F00C94D14 /* Sources */ = {
			isa = PBXSourcesBuildPhase;
			buildActionMask = 2147483647;
			files = (
				496AD0632B9BDB8F00C94D14 /* AppleiPhoneChooseUITests.swift in Sources */,
				496AD0652B9BDB8F00C94D14 /* AppleiPhoneChooseUITestsLaunchTests.swift in Sources */,
			);
			runOnlyForDeploymentPostprocessing = 0;
		};
/* End PBXSourcesBuildPhase section */

/* Begin PBXTargetDependency section */
		496AD0562B9BDB8F00C94D14 /* PBXTargetDependency */ = {
			isa = PBXTargetDependency;
			target = 496AD0432B9BDB8C00C94D14 /* AppleiPhoneChoose */;
			targetProxy = 496AD0552B9BDB8F00C94D14 /* PBXContainerItemProxy */;
		};
		496AD0602B9BDB8F00C94D14 /* PBXTargetDependency */ = {
			isa = PBXTargetDependency;
			target = 496AD0432B9BDB8C00C94D14 /* AppleiPhoneChoose */;
			targetProxy = 496AD05F2B9BDB8F00C94D14 /* PBXContainerItemProxy */;
		};
/* End PBXTargetDependency section */

/* Begin XCBuildConfiguration section */
		496AD0662B9BDB8F00C94D14 /* Debug */ = {
			isa = XCBuildConfiguration;
			buildSettings = {
				ALWAYS_SEARCH_USER_PATHS = NO;
				ASSETCATALOG_COMPILER_GENERATE_SWIFT_ASSET_SYMBOL_EXTENSIONS = YES;
				CLANG_ANALYZER_NONNULL = YES;
				CLANG_ANALYZER_NUMBER_OBJECT_CONVERSION = YES_AGGRESSIVE;
				CLANG_CXX_LANGUAGE_STANDARD = "gnu++20";
				CLANG_ENABLE_MODULES = YES;
				CLANG_ENABLE_OBJC_ARC = YES;
				CLANG_ENABLE_OBJC_WEAK = YES;
				CLANG_WARN_BLOCK_CAPTURE_AUTORELEASING = YES;
				CLANG_WARN_BOOL_CONVERSION = YES;
				CLANG_WARN_COMMA = YES;
				CLANG_WARN_CONSTANT_CONVERSION = YES;
				CLANG_WARN_DEPRECATED_OBJC_IMPLEMENTATIONS = YES;
				CLANG_WARN_DIRECT_OBJC_ISA_USAGE = YES_ERROR;
				CLANG_WARN_DOCUMENTATION_COMMENTS = YES;
				CLANG_WARN_EMPTY_BODY = YES;
				CLANG_WARN_ENUM_CONVERSION = YES;
				CLANG_WARN_INFINITE_RECURSION = YES;
				CLANG_WARN_INT_CONVERSION = YES;
				CLANG_WARN_NON_LITERAL_NULL_CONVERSION = YES;
				CLANG_WARN_OBJC_IMPLICIT_RETAIN_SELF = YES;
				CLANG_WARN_OBJC_LITERAL_CONVERSION = YES;
				CLANG_WARN_OBJC_ROOT_CLASS = YES_ERROR;
				CLANG_WARN_QUOTED_INCLUDE_IN_FRAMEWORK_HEADER = YES;
				CLANG_WARN_RANGE_LOOP_ANALYSIS = YES;
				CLANG_WARN_STRICT_PROTOTYPES = YES;
				CLANG_WARN_SUSPICIOUS_MOVE = YES;
				CLANG_WARN_UNGUARDED_AVAILABILITY = YES_AGGRESSIVE;
				CLANG_WARN_UNREACHABLE_CODE = YES;
				CLANG_WARN__DUPLICATE_METHOD_MATCH = YES;
				COPY_PHASE_STRIP = NO;
				DEBUG_INFORMATION_FORMAT = dwarf;
				ENABLE_STRICT_OBJC_MSGSEND = YES;
				ENABLE_TESTABILITY = YES;
				ENABLE_USER_SCRIPT_SANDBOXING = YES;
				GCC_C_LANGUAGE_STANDARD = gnu17;
				GCC_DYNAMIC_NO_PIC = NO;
				GCC_NO_COMMON_BLOCKS = YES;
				GCC_OPTIMIZATION_LEVEL = 0;
				GCC_PREPROCESSOR_DEFINITIONS = (
					"DEBUG=1",
					"$(inherited)",
				);
				GCC_WARN_64_TO_32_BIT_CONVERSION = YES;
				GCC_WARN_ABOUT_RETURN_TYPE = YES_ERROR;
				GCC_WARN_UNDECLARED_SELECTOR = YES;
				GCC_WARN_UNINITIALIZED_AUTOS = YES_AGGRESSIVE;
				GCC_WARN_UNUSED_FUNCTION = YES;
				GCC_WARN_UNUSED_VARIABLE = YES;
				IPHONEOS_DEPLOYMENT_TARGET = 17.4;
				LOCALIZATION_PREFERS_STRING_CATALOGS = YES;
				MTL_ENABLE_DEBUG_INFO = INCLUDE_SOURCE;
				MTL_FAST_MATH = YES;
				ONLY_ACTIVE_ARCH = YES;
				SDKROOT = iphoneos;
				SWIFT_ACTIVE_COMPILATION_CONDITIONS = "DEBUG $(inherited)";
				SWIFT_OPTIMIZATION_LEVEL = "-Onone";
			};
			name = Debug;
		};
		496AD0672B9BDB8F00C94D14 /* Release */ = {
			isa = XCBuildConfiguration;
			buildSettings = {
				ALWAYS_SEARCH_USER_PATHS = NO;
				ASSETCATALOG_COMPILER_GENERATE_SWIFT_ASSET_SYMBOL_EXTENSIONS = YES;
				CLANG_ANALYZER_NONNULL = YES;
				CLANG_ANALYZER_NUMBER_OBJECT_CONVERSION = YES_AGGRESSIVE;
				CLANG_CXX_LANGUAGE_STANDARD = "gnu++20";
				CLANG_ENABLE_MODULES = YES;
				CLANG_ENABLE_OBJC_ARC = YES;
				CLANG_ENABLE_OBJC_WEAK = YES;
				CLANG_WARN_BLOCK_CAPTURE_AUTORELEASING = YES;
				CLANG_WARN_BOOL_CONVERSION = YES;
				CLANG_WARN_COMMA = YES;
				CLANG_WARN_CONSTANT_CONVERSION = YES;
				CLANG_WARN_DEPRECATED_OBJC_IMPLEMENTATIONS = YES;
				CLANG_WARN_DIRECT_OBJC_ISA_USAGE = YES_ERROR;
				CLANG_WARN_DOCUMENTATION_COMMENTS = YES;
				CLANG_WARN_EMPTY_BODY = YES;
				CLANG_WARN_ENUM_CONVERSION = YES;
				CLANG_WARN_INFINITE_RECURSION = YES;
				CLANG_WARN_INT_CONVERSION = YES;
				CLANG_WARN_NON_LITERAL_NULL_CONVERSION = YES;
				CLANG_WARN_OBJC_IMPLICIT_RETAIN_SELF = YES;
				CLANG_WARN_OBJC_LITERAL_CONVERSION = YES;
				CLANG_WARN_OBJC_ROOT_CLASS = YES_ERROR;
				CLANG_WARN_QUOTED_INCLUDE_IN_FRAMEWORK_HEADER = YES;
				CLANG_WARN_RANGE_LOOP_ANALYSIS = YES;
				CLANG_WARN_STRICT_PROTOTYPES = YES;
				CLANG_WARN_SUSPICIOUS_MOVE = YES;
				CLANG_WARN_UNGUARDED_AVAILABILITY = YES_AGGRESSIVE;
				CLANG_WARN_UNREACHABLE_CODE = YES;
				CLANG_WARN__DUPLICATE_METHOD_MATCH = YES;
				COPY_PHASE_STRIP = NO;
				DEBUG_INFORMATION_FORMAT = "dwarf-with-dsym";
				ENABLE_NS_ASSERTIONS = NO;
				ENABLE_STRICT_OBJC_MSGSEND = YES;
				ENABLE_USER_SCRIPT_SANDBOXING = YES;
				GCC_C_LANGUAGE_STANDARD = gnu17;
				GCC_NO_COMMON_BLOCKS = YES;
				GCC_WARN_64_TO_32_BIT_CONVERSION = YES;
				GCC_WARN_ABOUT_RETURN_TYPE = YES_ERROR;
				GCC_WARN_UNDECLARED_SELECTOR = YES;
				GCC_WARN_UNINITIALIZED_AUTOS = YES_AGGRESSIVE;
				GCC_WARN_UNUSED_FUNCTION = YES;
				GCC_WARN_UNUSED_VARIABLE = YES;
				IPHONEOS_DEPLOYMENT_TARGET = 17.4;
				LOCALIZATION_PREFERS_STRING_CATALOGS = YES;
				MTL_ENABLE_DEBUG_INFO = NO;
				MTL_FAST_MATH = YES;
				SDKROOT = iphoneos;
				SWIFT_COMPILATION_MODE = wholemodule;
				VALIDATE_PRODUCT = YES;
			};
			name = Release;
		};
		496AD0692B9BDB8F00C94D14 /* Debug */ = {
			isa = XCBuildConfiguration;
			buildSettings = {
				ASSETCATALOG_COMPILER_APPICON_NAME = AppIcon;
				ASSETCATALOG_COMPILER_GLOBAL_ACCENT_COLOR_NAME = AccentColor;
				CODE_SIGN_STYLE = Automatic;
				CURRENT_PROJECT_VERSION = 1;
				DEVELOPMENT_ASSET_PATHS = "\"AppleiPhoneChoose/Preview Content\"";
				DEVELOPMENT_TEAM = M7C448YANA;
				ENABLE_PREVIEWS = YES;
				GENERATE_INFOPLIST_FILE = YES;
				INFOPLIST_KEY_UIApplicationSceneManifest_Generation = YES;
				INFOPLIST_KEY_UIApplicationSupportsIndirectInputEvents = YES;
				INFOPLIST_KEY_UILaunchScreen_Generation = YES;
				INFOPLIST_KEY_UISupportedInterfaceOrientations_iPad = "UIInterfaceOrientationPortrait UIInterfaceOrientationPortraitUpsideDown UIInterfaceOrientationLandscapeLeft UIInterfaceOrientationLandscapeRight";
				INFOPLIST_KEY_UISupportedInterfaceOrientations_iPhone = "UIInterfaceOrientationPortrait UIInterfaceOrientationLandscapeLeft UIInterfaceOrientationLandscapeRight";
				LD_RUNPATH_SEARCH_PATHS = (
					"$(inherited)",
					"@executable_path/Frameworks",
				);
				MARKETING_VERSION = 1.0;
				PRODUCT_BUNDLE_IDENTIFIER = tech.andrewkim.AppleiPhoneChoose;
				PRODUCT_NAME = "$(TARGET_NAME)";
				SWIFT_EMIT_LOC_STRINGS = YES;
				SWIFT_VERSION = 5.0;
				TARGETED_DEVICE_FAMILY = "1,2";
			};
			name = Debug;
		};
		496AD06A2B9BDB8F00C94D14 /* Release */ = {
			isa = XCBuildConfiguration;
			buildSettings = {
				ASSETCATALOG_COMPILER_APPICON_NAME = AppIcon;
				ASSETCATALOG_COMPILER_GLOBAL_ACCENT_COLOR_NAME = AccentColor;
				CODE_SIGN_STYLE = Automatic;
				CURRENT_PROJECT_VERSION = 1;
				DEVELOPMENT_ASSET_PATHS = "\"AppleiPhoneChoose/Preview Content\"";
				DEVELOPMENT_TEAM = M7C448YANA;
				ENABLE_PREVIEWS = YES;
				GENERATE_INFOPLIST_FILE = YES;
				INFOPLIST_KEY_UIApplicationSceneManifest_Generation = YES;
				INFOPLIST_KEY_UIApplicationSupportsIndirectInputEvents = YES;
				INFOPLIST_KEY_UILaunchScreen_Generation = YES;
				INFOPLIST_KEY_UISupportedInterfaceOrientations_iPad = "UIInterfaceOrientationPortrait UIInterfaceOrientationPortraitUpsideDown UIInterfaceOrientationLandscapeLeft UIInterfaceOrientationLandscapeRight";
				INFOPLIST_KEY_UISupportedInterfaceOrientations_iPhone = "UIInterfaceOrientationPortrait UIInterfaceOrientationLandscapeLeft UIInterfaceOrientationLandscapeRight";
				LD_RUNPATH_SEARCH_PATHS = (
					"$(inherited)",
					"@executable_path/Frameworks",
				);
				MARKETING_VERSION = 1.0;
				PRODUCT_BUNDLE_IDENTIFIER = tech.andrewkim.AppleiPhoneChoose;
				PRODUCT_NAME = "$(TARGET_NAME)";
				SWIFT_EMIT_LOC_STRINGS = YES;
				SWIFT_VERSION = 5.0;
				TARGETED_DEVICE_FAMILY = "1,2";
			};
			name = Release;
		};
		496AD06C2B9BDB8F00C94D14 /* Debug */ = {
			isa = XCBuildConfiguration;
			buildSettings = {
				ALWAYS_EMBED_SWIFT_STANDARD_LIBRARIES = YES;
				BUNDLE_LOADER = "$(TEST_HOST)";
				CODE_SIGN_STYLE = Automatic;
				CURRENT_PROJECT_VERSION = 1;
				DEVELOPMENT_TEAM = M7C448YANA;
				GENERATE_INFOPLIST_FILE = YES;
				IPHONEOS_DEPLOYMENT_TARGET = 17.4;
				MARKETING_VERSION = 1.0;
				PRODUCT_BUNDLE_IDENTIFIER = tech.andrewkim.AppleiPhoneChooseTests;
				PRODUCT_NAME = "$(TARGET_NAME)";
				SWIFT_EMIT_LOC_STRINGS = NO;
				SWIFT_VERSION = 5.0;
				TARGETED_DEVICE_FAMILY = "1,2";
				TEST_HOST = "$(BUILT_PRODUCTS_DIR)/AppleiPhoneChoose.app/$(BUNDLE_EXECUTABLE_FOLDER_PATH)/AppleiPhoneChoose";
			};
			name = Debug;
		};
		496AD06D2B9BDB8F00C94D14 /* Release */ = {
			isa = XCBuildConfiguration;
			buildSettings = {
				ALWAYS_EMBED_SWIFT_STANDARD_LIBRARIES = YES;
				BUNDLE_LOADER = "$(TEST_HOST)";
				CODE_SIGN_STYLE = Automatic;
				CURRENT_PROJECT_VERSION = 1;
				DEVELOPMENT_TEAM = M7C448YANA;
				GENERATE_INFOPLIST_FILE = YES;
				IPHONEOS_DEPLOYMENT_TARGET = 17.4;
				MARKETING_VERSION = 1.0;
				PRODUCT_BUNDLE_IDENTIFIER = tech.andrewkim.AppleiPhoneChooseTests;
				PRODUCT_NAME = "$(TARGET_NAME)";
				SWIFT_EMIT_LOC_STRINGS = NO;
				SWIFT_VERSION = 5.0;
				TARGETED_DEVICE_FAMILY = "1,2";
				TEST_HOST = "$(BUILT_PRODUCTS_DIR)/AppleiPhoneChoose.app/$(BUNDLE_EXECUTABLE_FOLDER_PATH)/AppleiPhoneChoose";
			};
			name = Release;
		};
		496AD06F2B9BDB8F00C94D14 /* Debug */ = {
			isa = XCBuildConfiguration;
			buildSettings = {
				ALWAYS_EMBED_SWIFT_STANDARD_LIBRARIES = YES;
				CODE_SIGN_STYLE = Automatic;
				CURRENT_PROJECT_VERSION = 1;
				DEVELOPMENT_TEAM = M7C448YANA;
				GENERATE_INFOPLIST_FILE = YES;
				MARKETING_VERSION = 1.0;
				PRODUCT_BUNDLE_IDENTIFIER = tech.andrewkim.AppleiPhoneChooseUITests;
				PRODUCT_NAME = "$(TARGET_NAME)";
				SWIFT_EMIT_LOC_STRINGS = NO;
				SWIFT_VERSION = 5.0;
				TARGETED_DEVICE_FAMILY = "1,2";
				TEST_TARGET_NAME = AppleiPhoneChoose;
			};
			name = Debug;
		};
		496AD0702B9BDB8F00C94D14 /* Release */ = {
			isa = XCBuildConfiguration;
			buildSettings = {
				ALWAYS_EMBED_SWIFT_STANDARD_LIBRARIES = YES;
				CODE_SIGN_STYLE = Automatic;
				CURRENT_PROJECT_VERSION = 1;
				DEVELOPMENT_TEAM = M7C448YANA;
				GENERATE_INFOPLIST_FILE = YES;
				MARKETING_VERSION = 1.0;
				PRODUCT_BUNDLE_IDENTIFIER = tech.andrewkim.AppleiPhoneChooseUITests;
				PRODUCT_NAME = "$(TARGET_NAME)";
				SWIFT_EMIT_LOC_STRINGS = NO;
				SWIFT_VERSION = 5.0;
				TARGETED_DEVICE_FAMILY = "1,2";
				TEST_TARGET_NAME = AppleiPhoneChoose;
			};
			name = Release;
		};
/* End XCBuildConfiguration section */

/* Begin XCConfigurationList section */
		496AD03F2B9BDB8C00C94D14 /* Build configuration list for PBXProject "AppleiPhoneChoose" */ = {
			isa = XCConfigurationList;
			buildConfigurations = (
				496AD0662B9BDB8F00C94D14 /* Debug */,
				496AD0672B9BDB8F00C94D14 /* Release */,
			);
			defaultConfigurationIsVisible = 0;
			defaultConfigurationName = Release;
		};
		496AD0682B9BDB8F00C94D14 /* Build configuration list for PBXNativeTarget "AppleiPhoneChoose" */ = {
			isa = XCConfigurationList;
			buildConfigurations = (
				496AD0692B9BDB8F00C94D14 /* Debug */,
				496AD06A2B9BDB8F00C94D14 /* Release */,
			);
			defaultConfigurationIsVisible = 0;
			defaultConfigurationName = Release;
		};
		496AD06B2B9BDB8F00C94D14 /* Build configuration list for PBXNativeTarget "AppleiPhoneChooseTests" */ = {
			isa = XCConfigurationList;
			buildConfigurations = (
				496AD06C2B9BDB8F00C94D14 /* Debug */,
				496AD06D2B9BDB8F00C94D14 /* Release */,
			);
			defaultConfigurationIsVisible = 0;
			defaultConfigurationName = Release;
		};
		496AD06E2B9BDB8F00C94D14 /* Build configuration list for PBXNativeTarget "AppleiPhoneChooseUITests" */ = {
			isa = XCConfigurationList;
			buildConfigurations = (
				496AD06F2B9BDB8F00C94D14 /* Debug */,
				496AD0702B9BDB8F00C94D14 /* Release */,
			);
			defaultConfigurationIsVisible = 0;
			defaultConfigurationName = Release;
		};
/* End XCConfigurationList section */
	};
	rootObject = 496AD03C2B9BDB8C00C94D14 /* Project object */;
}
