// !$*UTF8*$!
{
	archiveVersion = 1;
	classes = {
	};
	objectVersion = 56;
	objects = {

/* Begin PBXBuildFile section */
		492089E12B8977A500FFD856 /* SportsEventListCellApp.swift in Sources */ = {isa = PBXBuildFile; fileRef = 492089E02B8977A500FFD856 /* SportsEventListCellApp.swift */; };
		492089E32B8977A500FFD856 /* SportsEventListCellView.swift in Sources */ = {isa = PBXBuildFile; fileRef = 492089E22B8977A500FFD856 /* SportsEventListCellView.swift */; };
		492089E52B8977A700FFD856 /* Assets.xcassets in Resources */ = {isa = PBXBuildFile; fileRef = 492089E42B8977A700FFD856 /* Assets.xcassets */; };
		492089E82B8977A700FFD856 /* Preview Assets.xcassets in Resources */ = {isa = PBXBuildFile; fileRef = 492089E72B8977A700FFD856 /* Preview Assets.xcassets */; };
		492089F22B8977A700FFD856 /* SportsEventListCellTests.swift in Sources */ = {isa = PBXBuildFile; fileRef = 492089F12B8977A700FFD856 /* SportsEventListCellTests.swift */; };
		492089FC2B8977A700FFD856 /* SportsEventListCellUITests.swift in Sources */ = {isa = PBXBuildFile; fileRef = 492089FB2B8977A700FFD856 /* SportsEventListCellUITests.swift */; };
		492089FE2B8977A700FFD856 /* SportsEventListCellUITestsLaunchTests.swift in Sources */ = {isa = PBXBuildFile; fileRef = 492089FD2B8977A700FFD856 /* SportsEventListCellUITestsLaunchTests.swift */; };
/* End PBXBuildFile section */

/* Begin PBXContainerItemProxy section */
		492089EE2B8977A700FFD856 /* PBXContainerItemProxy */ = {
			isa = PBXContainerItemProxy;
			containerPortal = 492089D52B8977A500FFD856 /* Project object */;
			proxyType = 1;
			remoteGlobalIDString = 492089DC2B8977A500FFD856;
			remoteInfo = SportsEventListCell;
		};
		492089F82B8977A700FFD856 /* PBXContainerItemProxy */ = {
			isa = PBXContainerItemProxy;
			containerPortal = 492089D52B8977A500FFD856 /* Project object */;
			proxyType = 1;
			remoteGlobalIDString = 492089DC2B8977A500FFD856;
			remoteInfo = SportsEventListCell;
		};
/* End PBXContainerItemProxy section */

/* Begin PBXFileReference section */
		492089DD2B8977A500FFD856 /* SportsEventListCell.app */ = {isa = PBXFileReference; explicitFileType = wrapper.application; includeInIndex = 0; path = SportsEventListCell.app; sourceTree = BUILT_PRODUCTS_DIR; };
		492089E02B8977A500FFD856 /* SportsEventListCellApp.swift */ = {isa = PBXFileReference; lastKnownFileType = sourcecode.swift; path = SportsEventListCellApp.swift; sourceTree = "<group>"; };
		492089E22B8977A500FFD856 /* SportsEventListCellView.swift */ = {isa = PBXFileReference; lastKnownFileType = sourcecode.swift; path = SportsEventListCellView.swift; sourceTree = "<group>"; };
		492089E42B8977A700FFD856 /* Assets.xcassets */ = {isa = PBXFileReference; lastKnownFileType = folder.assetcatalog; path = Assets.xcassets; sourceTree = "<group>"; };
		492089E72B8977A700FFD856 /* Preview Assets.xcassets */ = {isa = PBXFileReference; lastKnownFileType = folder.assetcatalog; path = "Preview Assets.xcassets"; sourceTree = "<group>"; };
		492089ED2B8977A700FFD856 /* SportsEventListCellTests.xctest */ = {isa = PBXFileReference; explicitFileType = wrapper.cfbundle; includeInIndex = 0; path = SportsEventListCellTests.xctest; sourceTree = BUILT_PRODUCTS_DIR; };
		492089F12B8977A700FFD856 /* SportsEventListCellTests.swift */ = {isa = PBXFileReference; lastKnownFileType = sourcecode.swift; path = SportsEventListCellTests.swift; sourceTree = "<group>"; };
		492089F72B8977A700FFD856 /* SportsEventListCellUITests.xctest */ = {isa = PBXFileReference; explicitFileType = wrapper.cfbundle; includeInIndex = 0; path = SportsEventListCellUITests.xctest; sourceTree = BUILT_PRODUCTS_DIR; };
		492089FB2B8977A700FFD856 /* SportsEventListCellUITests.swift */ = {isa = PBXFileReference; lastKnownFileType = sourcecode.swift; path = SportsEventListCellUITests.swift; sourceTree = "<group>"; };
		492089FD2B8977A700FFD856 /* SportsEventListCellUITestsLaunchTests.swift */ = {isa = PBXFileReference; lastKnownFileType = sourcecode.swift; path = SportsEventListCellUITestsLaunchTests.swift; sourceTree = "<group>"; };
/* End PBXFileReference section */

/* Begin PBXFrameworksBuildPhase section */
		492089DA2B8977A500FFD856 /* Frameworks */ = {
			isa = PBXFrameworksBuildPhase;
			buildActionMask = 2147483647;
			files = (
			);
			runOnlyForDeploymentPostprocessing = 0;
		};
		492089EA2B8977A700FFD856 /* Frameworks */ = {
			isa = PBXFrameworksBuildPhase;
			buildActionMask = 2147483647;
			files = (
			);
			runOnlyForDeploymentPostprocessing = 0;
		};
		492089F42B8977A700FFD856 /* Frameworks */ = {
			isa = PBXFrameworksBuildPhase;
			buildActionMask = 2147483647;
			files = (
			);
			runOnlyForDeploymentPostprocessing = 0;
		};
/* End PBXFrameworksBuildPhase section */

/* Begin PBXGroup section */
		492089D42B8977A500FFD856 = {
			isa = PBXGroup;
			children = (
				492089DF2B8977A500FFD856 /* SportsEventListCell */,
				492089F02B8977A700FFD856 /* SportsEventListCellTests */,
				492089FA2B8977A700FFD856 /* SportsEventListCellUITests */,
				492089DE2B8977A500FFD856 /* Products */,
			);
			sourceTree = "<group>";
		};
		492089DE2B8977A500FFD856 /* Products */ = {
			isa = PBXGroup;
			children = (
				492089DD2B8977A500FFD856 /* SportsEventListCell.app */,
				492089ED2B8977A700FFD856 /* SportsEventListCellTests.xctest */,
				492089F72B8977A700FFD856 /* SportsEventListCellUITests.xctest */,
			);
			name = Products;
			sourceTree = "<group>";
		};
		492089DF2B8977A500FFD856 /* SportsEventListCell */ = {
			isa = PBXGroup;
			children = (
				492089E02B8977A500FFD856 /* SportsEventListCellApp.swift */,
				492089E22B8977A500FFD856 /* SportsEventListCellView.swift */,
				492089E42B8977A700FFD856 /* Assets.xcassets */,
				492089E62B8977A700FFD856 /* Preview Content */,
			);
			path = SportsEventListCell;
			sourceTree = "<group>";
		};
		492089E62B8977A700FFD856 /* Preview Content */ = {
			isa = PBXGroup;
			children = (
				492089E72B8977A700FFD856 /* Preview Assets.xcassets */,
			);
			path = "Preview Content";
			sourceTree = "<group>";
		};
		492089F02B8977A700FFD856 /* SportsEventListCellTests */ = {
			isa = PBXGroup;
			children = (
				492089F12B8977A700FFD856 /* SportsEventListCellTests.swift */,
			);
			path = SportsEventListCellTests;
			sourceTree = "<group>";
		};
		492089FA2B8977A700FFD856 /* SportsEventListCellUITests */ = {
			isa = PBXGroup;
			children = (
				492089FB2B8977A700FFD856 /* SportsEventListCellUITests.swift */,
				492089FD2B8977A700FFD856 /* SportsEventListCellUITestsLaunchTests.swift */,
			);
			path = SportsEventListCellUITests;
			sourceTree = "<group>";
		};
/* End PBXGroup section */

/* Begin PBXNativeTarget section */
		492089DC2B8977A500FFD856 /* SportsEventListCell */ = {
			isa = PBXNativeTarget;
			buildConfigurationList = 49208A012B8977A700FFD856 /* Build configuration list for PBXNativeTarget "SportsEventListCell" */;
			buildPhases = (
				492089D92B8977A500FFD856 /* Sources */,
				492089DA2B8977A500FFD856 /* Frameworks */,
				492089DB2B8977A500FFD856 /* Resources */,
			);
			buildRules = (
			);
			dependencies = (
			);
			name = SportsEventListCell;
			productName = SportsEventListCell;
			productReference = 492089DD2B8977A500FFD856 /* SportsEventListCell.app */;
			productType = "com.apple.product-type.application";
		};
		492089EC2B8977A700FFD856 /* SportsEventListCellTests */ = {
			isa = PBXNativeTarget;
			buildConfigurationList = 49208A042B8977A700FFD856 /* Build configuration list for PBXNativeTarget "SportsEventListCellTests" */;
			buildPhases = (
				492089E92B8977A700FFD856 /* Sources */,
				492089EA2B8977A700FFD856 /* Frameworks */,
				492089EB2B8977A700FFD856 /* Resources */,
			);
			buildRules = (
			);
			dependencies = (
				492089EF2B8977A700FFD856 /* PBXTargetDependency */,
			);
			name = SportsEventListCellTests;
			productName = SportsEventListCellTests;
			productReference = 492089ED2B8977A700FFD856 /* SportsEventListCellTests.xctest */;
			productType = "com.apple.product-type.bundle.unit-test";
		};
		492089F62B8977A700FFD856 /* SportsEventListCellUITests */ = {
			isa = PBXNativeTarget;
			buildConfigurationList = 49208A072B8977A700FFD856 /* Build configuration list for PBXNativeTarget "SportsEventListCellUITests" */;
			buildPhases = (
				492089F32B8977A700FFD856 /* Sources */,
				492089F42B8977A700FFD856 /* Frameworks */,
				492089F52B8977A700FFD856 /* Resources */,
			);
			buildRules = (
			);
			dependencies = (
				492089F92B8977A700FFD856 /* PBXTargetDependency */,
			);
			name = SportsEventListCellUITests;
			productName = SportsEventListCellUITests;
			productReference = 492089F72B8977A700FFD856 /* SportsEventListCellUITests.xctest */;
			productType = "com.apple.product-type.bundle.ui-testing";
		};
/* End PBXNativeTarget section */

/* Begin PBXProject section */
		492089D52B8977A500FFD856 /* Project object */ = {
			isa = PBXProject;
			attributes = {
				BuildIndependentTargetsInParallel = 1;
				LastSwiftUpdateCheck = 1520;
				LastUpgradeCheck = 1520;
				TargetAttributes = {
					492089DC2B8977A500FFD856 = {
						CreatedOnToolsVersion = 15.2;
					};
					492089EC2B8977A700FFD856 = {
						CreatedOnToolsVersion = 15.2;
						TestTargetID = 492089DC2B8977A500FFD856;
					};
					492089F62B8977A700FFD856 = {
						CreatedOnToolsVersion = 15.2;
						TestTargetID = 492089DC2B8977A500FFD856;
					};
				};
			};
			buildConfigurationList = 492089D82B8977A500FFD856 /* Build configuration list for PBXProject "SportsEventListCell" */;
			compatibilityVersion = "Xcode 14.0";
			developmentRegion = en;
			hasScannedForEncodings = 0;
			knownRegions = (
				en,
				Base,
			);
			mainGroup = 492089D42B8977A500FFD856;
			productRefGroup = 492089DE2B8977A500FFD856 /* Products */;
			projectDirPath = "";
			projectRoot = "";
			targets = (
				492089DC2B8977A500FFD856 /* SportsEventListCell */,
				492089EC2B8977A700FFD856 /* SportsEventListCellTests */,
				492089F62B8977A700FFD856 /* SportsEventListCellUITests */,
			);
		};
/* End PBXProject section */

/* Begin PBXResourcesBuildPhase section */
		492089DB2B8977A500FFD856 /* Resources */ = {
			isa = PBXResourcesBuildPhase;
			buildActionMask = 2147483647;
			files = (
				492089E82B8977A700FFD856 /* Preview Assets.xcassets in Resources */,
				492089E52B8977A700FFD856 /* Assets.xcassets in Resources */,
			);
			runOnlyForDeploymentPostprocessing = 0;
		};
		492089EB2B8977A700FFD856 /* Resources */ = {
			isa = PBXResourcesBuildPhase;
			buildActionMask = 2147483647;
			files = (
			);
			runOnlyForDeploymentPostprocessing = 0;
		};
		492089F52B8977A700FFD856 /* Resources */ = {
			isa = PBXResourcesBuildPhase;
			buildActionMask = 2147483647;
			files = (
			);
			runOnlyForDeploymentPostprocessing = 0;
		};
/* End PBXResourcesBuildPhase section */

/* Begin PBXSourcesBuildPhase section */
		492089D92B8977A500FFD856 /* Sources */ = {
			isa = PBXSourcesBuildPhase;
			buildActionMask = 2147483647;
			files = (
				492089E32B8977A500FFD856 /* SportsEventListCellView.swift in Sources */,
				492089E12B8977A500FFD856 /* SportsEventListCellApp.swift in Sources */,
			);
			runOnlyForDeploymentPostprocessing = 0;
		};
		492089E92B8977A700FFD856 /* Sources */ = {
			isa = PBXSourcesBuildPhase;
			buildActionMask = 2147483647;
			files = (
				492089F22B8977A700FFD856 /* SportsEventListCellTests.swift in Sources */,
			);
			runOnlyForDeploymentPostprocessing = 0;
		};
		492089F32B8977A700FFD856 /* Sources */ = {
			isa = PBXSourcesBuildPhase;
			buildActionMask = 2147483647;
			files = (
				492089FE2B8977A700FFD856 /* SportsEventListCellUITestsLaunchTests.swift in Sources */,
				492089FC2B8977A700FFD856 /* SportsEventListCellUITests.swift in Sources */,
			);
			runOnlyForDeploymentPostprocessing = 0;
		};
/* End PBXSourcesBuildPhase section */

/* Begin PBXTargetDependency section */
		492089EF2B8977A700FFD856 /* PBXTargetDependency */ = {
			isa = PBXTargetDependency;
			target = 492089DC2B8977A500FFD856 /* SportsEventListCell */;
			targetProxy = 492089EE2B8977A700FFD856 /* PBXContainerItemProxy */;
		};
		492089F92B8977A700FFD856 /* PBXTargetDependency */ = {
			isa = PBXTargetDependency;
			target = 492089DC2B8977A500FFD856 /* SportsEventListCell */;
			targetProxy = 492089F82B8977A700FFD856 /* PBXContainerItemProxy */;
		};
/* End PBXTargetDependency section */

/* Begin XCBuildConfiguration section */
		492089FF2B8977A700FFD856 /* Debug */ = {
			isa = XCBuildConfiguration;
			buildSettings = {
				ALWAYS_SEARCH_USER_PATHS = NO;
				ASSETCATALOG_COMPILER_GENERATE_SWIFT_ASSET_SYMBOL_EXTENSIONS = YES;
				CLANG_ANALYZER_NONNULL = YES;
				CLANG_ANALYZER_NUMBER_OBJECT_CONVERSION = YES_AGGRESSIVE;
				CLANG_CXX_LANGUAGE_STANDARD = "gnu++20";
				CLANG_ENABLE_MODULES = YES;
				CLANG_ENABLE_OBJC_ARC = YES;
				CLANG_ENABLE_OBJC_WEAK = YES;
				CLANG_WARN_BLOCK_CAPTURE_AUTORELEASING = YES;
				CLANG_WARN_BOOL_CONVERSION = YES;
				CLANG_WARN_COMMA = YES;
				CLANG_WARN_CONSTANT_CONVERSION = YES;
				CLANG_WARN_DEPRECATED_OBJC_IMPLEMENTATIONS = YES;
				CLANG_WARN_DIRECT_OBJC_ISA_USAGE = YES_ERROR;
				CLANG_WARN_DOCUMENTATION_COMMENTS = YES;
				CLANG_WARN_EMPTY_BODY = YES;
				CLANG_WARN_ENUM_CONVERSION = YES;
				CLANG_WARN_INFINITE_RECURSION = YES;
				CLANG_WARN_INT_CONVERSION = YES;
				CLANG_WARN_NON_LITERAL_NULL_CONVERSION = YES;
				CLANG_WARN_OBJC_IMPLICIT_RETAIN_SELF = YES;
				CLANG_WARN_OBJC_LITERAL_CONVERSION = YES;
				CLANG_WARN_OBJC_ROOT_CLASS = YES_ERROR;
				CLANG_WARN_QUOTED_INCLUDE_IN_FRAMEWORK_HEADER = YES;
				CLANG_WARN_RANGE_LOOP_ANALYSIS = YES;
				CLANG_WARN_STRICT_PROTOTYPES = YES;
				CLANG_WARN_SUSPICIOUS_MOVE = YES;
				CLANG_WARN_UNGUARDED_AVAILABILITY = YES_AGGRESSIVE;
				CLANG_WARN_UNREACHABLE_CODE = YES;
				CLANG_WARN__DUPLICATE_METHOD_MATCH = YES;
				COPY_PHASE_STRIP = NO;
				DEBUG_INFORMATION_FORMAT = dwarf;
				ENABLE_STRICT_OBJC_MSGSEND = YES;
				ENABLE_TESTABILITY = YES;
				ENABLE_USER_SCRIPT_SANDBOXING = YES;
				GCC_C_LANGUAGE_STANDARD = gnu17;
				GCC_DYNAMIC_NO_PIC = NO;
				GCC_NO_COMMON_BLOCKS = YES;
				GCC_OPTIMIZATION_LEVEL = 0;
				GCC_PREPROCESSOR_DEFINITIONS = (
					"DEBUG=1",
					"$(inherited)",
				);
				GCC_WARN_64_TO_32_BIT_CONVERSION = YES;
				GCC_WARN_ABOUT_RETURN_TYPE = YES_ERROR;
				GCC_WARN_UNDECLARED_SELECTOR = YES;
				GCC_WARN_UNINITIALIZED_AUTOS = YES_AGGRESSIVE;
				GCC_WARN_UNUSED_FUNCTION = YES;
				GCC_WARN_UNUSED_VARIABLE = YES;
				IPHONEOS_DEPLOYMENT_TARGET = 17.2;
				LOCALIZATION_PREFERS_STRING_CATALOGS = YES;
				MTL_ENABLE_DEBUG_INFO = INCLUDE_SOURCE;
				MTL_FAST_MATH = YES;
				ONLY_ACTIVE_ARCH = YES;
				SDKROOT = iphoneos;
				SWIFT_ACTIVE_COMPILATION_CONDITIONS = "DEBUG $(inherited)";
				SWIFT_OPTIMIZATION_LEVEL = "-Onone";
			};
			name = Debug;
		};
		49208A002B8977A700FFD856 /* Release */ = {
			isa = XCBuildConfiguration;
			buildSettings = {
				ALWAYS_SEARCH_USER_PATHS = NO;
				ASSETCATALOG_COMPILER_GENERATE_SWIFT_ASSET_SYMBOL_EXTENSIONS = YES;
				CLANG_ANALYZER_NONNULL = YES;
				CLANG_ANALYZER_NUMBER_OBJECT_CONVERSION = YES_AGGRESSIVE;
				CLANG_CXX_LANGUAGE_STANDARD = "gnu++20";
				CLANG_ENABLE_MODULES = YES;
				CLANG_ENABLE_OBJC_ARC = YES;
				CLANG_ENABLE_OBJC_WEAK = YES;
				CLANG_WARN_BLOCK_CAPTURE_AUTORELEASING = YES;
				CLANG_WARN_BOOL_CONVERSION = YES;
				CLANG_WARN_COMMA = YES;
				CLANG_WARN_CONSTANT_CONVERSION = YES;
				CLANG_WARN_DEPRECATED_OBJC_IMPLEMENTATIONS = YES;
				CLANG_WARN_DIRECT_OBJC_ISA_USAGE = YES_ERROR;
				CLANG_WARN_DOCUMENTATION_COMMENTS = YES;
				CLANG_WARN_EMPTY_BODY = YES;
				CLANG_WARN_ENUM_CONVERSION = YES;
				CLANG_WARN_INFINITE_RECURSION = YES;
				CLANG_WARN_INT_CONVERSION = YES;
				CLANG_WARN_NON_LITERAL_NULL_CONVERSION = YES;
				CLANG_WARN_OBJC_IMPLICIT_RETAIN_SELF = YES;
				CLANG_WARN_OBJC_LITERAL_CONVERSION = YES;
				CLANG_WARN_OBJC_ROOT_CLASS = YES_ERROR;
				CLANG_WARN_QUOTED_INCLUDE_IN_FRAMEWORK_HEADER = YES;
				CLANG_WARN_RANGE_LOOP_ANALYSIS = YES;
				CLANG_WARN_STRICT_PROTOTYPES = YES;
				CLANG_WARN_SUSPICIOUS_MOVE = YES;
				CLANG_WARN_UNGUARDED_AVAILABILITY = YES_AGGRESSIVE;
				CLANG_WARN_UNREACHABLE_CODE = YES;
				CLANG_WARN__DUPLICATE_METHOD_MATCH = YES;
				COPY_PHASE_STRIP = NO;
				DEBUG_INFORMATION_FORMAT = "dwarf-with-dsym";
				ENABLE_NS_ASSERTIONS = NO;
				ENABLE_STRICT_OBJC_MSGSEND = YES;
				ENABLE_USER_SCRIPT_SANDBOXING = YES;
				GCC_C_LANGUAGE_STANDARD = gnu17;
				GCC_NO_COMMON_BLOCKS = YES;
				GCC_WARN_64_TO_32_BIT_CONVERSION = YES;
				GCC_WARN_ABOUT_RETURN_TYPE = YES_ERROR;
				GCC_WARN_UNDECLARED_SELECTOR = YES;
				GCC_WARN_UNINITIALIZED_AUTOS = YES_AGGRESSIVE;
				GCC_WARN_UNUSED_FUNCTION = YES;
				GCC_WARN_UNUSED_VARIABLE = YES;
				IPHONEOS_DEPLOYMENT_TARGET = 17.2;
				LOCALIZATION_PREFERS_STRING_CATALOGS = YES;
				MTL_ENABLE_DEBUG_INFO = NO;
				MTL_FAST_MATH = YES;
				SDKROOT = iphoneos;
				SWIFT_COMPILATION_MODE = wholemodule;
				VALIDATE_PRODUCT = YES;
			};
			name = Release;
		};
		49208A022B8977A700FFD856 /* Debug */ = {
			isa = XCBuildConfiguration;
			buildSettings = {
				ASSETCATALOG_COMPILER_APPICON_NAME = AppIcon;
				ASSETCATALOG_COMPILER_GLOBAL_ACCENT_COLOR_NAME = AccentColor;
				CODE_SIGN_STYLE = Automatic;
				CURRENT_PROJECT_VERSION = 1;
				DEVELOPMENT_ASSET_PATHS = "\"SportsEventListCell/Preview Content\"";
				DEVELOPMENT_TEAM = M7C448YANA;
				ENABLE_PREVIEWS = YES;
				GENERATE_INFOPLIST_FILE = YES;
				INFOPLIST_KEY_UIApplicationSceneManifest_Generation = YES;
				INFOPLIST_KEY_UIApplicationSupportsIndirectInputEvents = YES;
				INFOPLIST_KEY_UILaunchScreen_Generation = YES;
				INFOPLIST_KEY_UISupportedInterfaceOrientations_iPad = "UIInterfaceOrientationPortrait UIInterfaceOrientationPortraitUpsideDown UIInterfaceOrientationLandscapeLeft UIInterfaceOrientationLandscapeRight";
				INFOPLIST_KEY_UISupportedInterfaceOrientations_iPhone = "UIInterfaceOrientationPortrait UIInterfaceOrientationLandscapeLeft UIInterfaceOrientationLandscapeRight";
				LD_RUNPATH_SEARCH_PATHS = (
					"$(inherited)",
					"@executable_path/Frameworks",
				);
				MARKETING_VERSION = 1.0;
				PRODUCT_BUNDLE_IDENTIFIER = tech.andrewkim.SportsEventListCell;
				PRODUCT_NAME = "$(TARGET_NAME)";
				SWIFT_EMIT_LOC_STRINGS = YES;
				SWIFT_VERSION = 5.0;
				TARGETED_DEVICE_FAMILY = "1,2";
			};
			name = Debug;
		};
		49208A032B8977A700FFD856 /* Release */ = {
			isa = XCBuildConfiguration;
			buildSettings = {
				ASSETCATALOG_COMPILER_APPICON_NAME = AppIcon;
				ASSETCATALOG_COMPILER_GLOBAL_ACCENT_COLOR_NAME = AccentColor;
				CODE_SIGN_STYLE = Automatic;
				CURRENT_PROJECT_VERSION = 1;
				DEVELOPMENT_ASSET_PATHS = "\"SportsEventListCell/Preview Content\"";
				DEVELOPMENT_TEAM = M7C448YANA;
				ENABLE_PREVIEWS = YES;
				GENERATE_INFOPLIST_FILE = YES;
				INFOPLIST_KEY_UIApplicationSceneManifest_Generation = YES;
				INFOPLIST_KEY_UIApplicationSupportsIndirectInputEvents = YES;
				INFOPLIST_KEY_UILaunchScreen_Generation = YES;
				INFOPLIST_KEY_UISupportedInterfaceOrientations_iPad = "UIInterfaceOrientationPortrait UIInterfaceOrientationPortraitUpsideDown UIInterfaceOrientationLandscapeLeft UIInterfaceOrientationLandscapeRight";
				INFOPLIST_KEY_UISupportedInterfaceOrientations_iPhone = "UIInterfaceOrientationPortrait UIInterfaceOrientationLandscapeLeft UIInterfaceOrientationLandscapeRight";
				LD_RUNPATH_SEARCH_PATHS = (
					"$(inherited)",
					"@executable_path/Frameworks",
				);
				MARKETING_VERSION = 1.0;
				PRODUCT_BUNDLE_IDENTIFIER = tech.andrewkim.SportsEventListCell;
				PRODUCT_NAME = "$(TARGET_NAME)";
				SWIFT_EMIT_LOC_STRINGS = YES;
				SWIFT_VERSION = 5.0;
				TARGETED_DEVICE_FAMILY = "1,2";
			};
			name = Release;
		};
		49208A052B8977A700FFD856 /* Debug */ = {
			isa = XCBuildConfiguration;
			buildSettings = {
				ALWAYS_EMBED_SWIFT_STANDARD_LIBRARIES = YES;
				BUNDLE_LOADER = "$(TEST_HOST)";
				CODE_SIGN_STYLE = Automatic;
				CURRENT_PROJECT_VERSION = 1;
				DEVELOPMENT_TEAM = M7C448YANA;
				GENERATE_INFOPLIST_FILE = YES;
				IPHONEOS_DEPLOYMENT_TARGET = 17.2;
				MARKETING_VERSION = 1.0;
				PRODUCT_BUNDLE_IDENTIFIER = tech.andrewkim.SportsEventListCellTests;
				PRODUCT_NAME = "$(TARGET_NAME)";
				SWIFT_EMIT_LOC_STRINGS = NO;
				SWIFT_VERSION = 5.0;
				TARGETED_DEVICE_FAMILY = "1,2";
				TEST_HOST = "$(BUILT_PRODUCTS_DIR)/SportsEventListCell.app/$(BUNDLE_EXECUTABLE_FOLDER_PATH)/SportsEventListCell";
			};
			name = Debug;
		};
		49208A062B8977A700FFD856 /* Release */ = {
			isa = XCBuildConfiguration;
			buildSettings = {
				ALWAYS_EMBED_SWIFT_STANDARD_LIBRARIES = YES;
				BUNDLE_LOADER = "$(TEST_HOST)";
				CODE_SIGN_STYLE = Automatic;
				CURRENT_PROJECT_VERSION = 1;
				DEVELOPMENT_TEAM = M7C448YANA;
				GENERATE_INFOPLIST_FILE = YES;
				IPHONEOS_DEPLOYMENT_TARGET = 17.2;
				MARKETING_VERSION = 1.0;
				PRODUCT_BUNDLE_IDENTIFIER = tech.andrewkim.SportsEventListCellTests;
				PRODUCT_NAME = "$(TARGET_NAME)";
				SWIFT_EMIT_LOC_STRINGS = NO;
				SWIFT_VERSION = 5.0;
				TARGETED_DEVICE_FAMILY = "1,2";
				TEST_HOST = "$(BUILT_PRODUCTS_DIR)/SportsEventListCell.app/$(BUNDLE_EXECUTABLE_FOLDER_PATH)/SportsEventListCell";
			};
			name = Release;
		};
		49208A082B8977A700FFD856 /* Debug */ = {
			isa = XCBuildConfiguration;
			buildSettings = {
				ALWAYS_EMBED_SWIFT_STANDARD_LIBRARIES = YES;
				CODE_SIGN_STYLE = Automatic;
				CURRENT_PROJECT_VERSION = 1;
				DEVELOPMENT_TEAM = M7C448YANA;
				GENERATE_INFOPLIST_FILE = YES;
				MARKETING_VERSION = 1.0;
				PRODUCT_BUNDLE_IDENTIFIER = tech.andrewkim.SportsEventListCellUITests;
				PRODUCT_NAME = "$(TARGET_NAME)";
				SWIFT_EMIT_LOC_STRINGS = NO;
				SWIFT_VERSION = 5.0;
				TARGETED_DEVICE_FAMILY = "1,2";
				TEST_TARGET_NAME = SportsEventListCell;
			};
			name = Debug;
		};
		49208A092B8977A700FFD856 /* Release */ = {
			isa = XCBuildConfiguration;
			buildSettings = {
				ALWAYS_EMBED_SWIFT_STANDARD_LIBRARIES = YES;
				CODE_SIGN_STYLE = Automatic;
				CURRENT_PROJECT_VERSION = 1;
				DEVELOPMENT_TEAM = M7C448YANA;
				GENERATE_INFOPLIST_FILE = YES;
				MARKETING_VERSION = 1.0;
				PRODUCT_BUNDLE_IDENTIFIER = tech.andrewkim.SportsEventListCellUITests;
				PRODUCT_NAME = "$(TARGET_NAME)";
				SWIFT_EMIT_LOC_STRINGS = NO;
				SWIFT_VERSION = 5.0;
				TARGETED_DEVICE_FAMILY = "1,2";
				TEST_TARGET_NAME = SportsEventListCell;
			};
			name = Release;
		};
/* End XCBuildConfiguration section */

/* Begin XCConfigurationList section */
		492089D82B8977A500FFD856 /* Build configuration list for PBXProject "SportsEventListCell" */ = {
			isa = XCConfigurationList;
			buildConfigurations = (
				492089FF2B8977A700FFD856 /* Debug */,
				49208A002B8977A700FFD856 /* Release */,
			);
			defaultConfigurationIsVisible = 0;
			defaultConfigurationName = Release;
		};
		49208A012B8977A700FFD856 /* Build configuration list for PBXNativeTarget "SportsEventListCell" */ = {
			isa = XCConfigurationList;
			buildConfigurations = (
				49208A022B8977A700FFD856 /* Debug */,
				49208A032B8977A700FFD856 /* Release */,
			);
			defaultConfigurationIsVisible = 0;
			defaultConfigurationName = Release;
		};
		49208A042B8977A700FFD856 /* Build configuration list for PBXNativeTarget "SportsEventListCellTests" */ = {
			isa = XCConfigurationList;
			buildConfigurations = (
				49208A052B8977A700FFD856 /* Debug */,
				49208A062B8977A700FFD856 /* Release */,
			);
			defaultConfigurationIsVisible = 0;
			defaultConfigurationName = Release;
		};
		49208A072B8977A700FFD856 /* Build configuration list for PBXNativeTarget "SportsEventListCellUITests" */ = {
			isa = XCConfigurationList;
			buildConfigurations = (
				49208A082B8977A700FFD856 /* Debug */,
				49208A092B8977A700FFD856 /* Release */,
			);
			defaultConfigurationIsVisible = 0;
			defaultConfigurationName = Release;
		};
/* End XCConfigurationList section */
	};
	rootObject = 492089D52B8977A500FFD856 /* Project object */;
}
