// !$*UTF8*$!
{
	archiveVersion = 1;
	classes = {
	};
	objectVersion = 56;
	objects = {

/* Begin PBXBuildFile section */
		496AD1262BC74E0F00C94D14 /* LandmarksApp.swift in Sources */ = {isa = PBXBuildFile; fileRef = 496AD1252BC74E0F00C94D14 /* LandmarksApp.swift */; };
		496AD1282BC74E0F00C94D14 /* ContentView.swift in Sources */ = {isa = PBXBuildFile; fileRef = 496AD1272BC74E0F00C94D14 /* ContentView.swift */; };
		496AD12A2BC74E1100C94D14 /* Assets.xcassets in Resources */ = {isa = PBXBuildFile; fileRef = 496AD1292BC74E1100C94D14 /* Assets.xcassets */; };
		496AD12D2BC74E1100C94D14 /* Preview Assets.xcassets in Resources */ = {isa = PBXBuildFile; fileRef = 496AD12C2BC74E1100C94D14 /* Preview Assets.xcassets */; };
		496AD1372BC74E1100C94D14 /* LandmarksTests.swift in Sources */ = {isa = PBXBuildFile; fileRef = 496AD1362BC74E1100C94D14 /* LandmarksTests.swift */; };
		496AD1412BC74E1100C94D14 /* LandmarksUITests.swift in Sources */ = {isa = PBXBuildFile; fileRef = 496AD1402BC74E1100C94D14 /* LandmarksUITests.swift */; };
		496AD1432BC74E1100C94D14 /* LandmarksUITestsLaunchTests.swift in Sources */ = {isa = PBXBuildFile; fileRef = 496AD1422BC74E1100C94D14 /* LandmarksUITestsLaunchTests.swift */; };
		496AD1502BC750B900C94D14 /* CircleImage.swift in Sources */ = {isa = PBXBuildFile; fileRef = 496AD14F2BC750B900C94D14 /* CircleImage.swift */; };
		496AD1522BC7512A00C94D14 /* MapView.swift in Sources */ = {isa = PBXBuildFile; fileRef = 496AD1512BC7512A00C94D14 /* MapView.swift */; };
		496AD1542BC76E4000C94D14 /* landmarkData.json in Resources */ = {isa = PBXBuildFile; fileRef = 496AD1532BC76E4000C94D14 /* landmarkData.json */; };
		496AD1562BC76E6D00C94D14 /* Landmark.swift in Sources */ = {isa = PBXBuildFile; fileRef = 496AD1552BC76E6D00C94D14 /* Landmark.swift */; };
		496AD1582BC76FAA00C94D14 /* ModelData.swift in Sources */ = {isa = PBXBuildFile; fileRef = 496AD1572BC76FAA00C94D14 /* ModelData.swift */; };
		496AD15E2BC770CD00C94D14 /* LandmarkRow.swift in Sources */ = {isa = PBXBuildFile; fileRef = 496AD15D2BC770CD00C94D14 /* LandmarkRow.swift */; };
		496AD1602BC7719F00C94D14 /* LandmarkList.swift in Sources */ = {isa = PBXBuildFile; fileRef = 496AD15F2BC7719F00C94D14 /* LandmarkList.swift */; };
		496AD1622BC7722E00C94D14 /* LandmarkDetail.swift in Sources */ = {isa = PBXBuildFile; fileRef = 496AD1612BC7722E00C94D14 /* LandmarkDetail.swift */; };
		496AD1642BC7763A00C94D14 /* FavoriteButton.swift in Sources */ = {isa = PBXBuildFile; fileRef = 496AD1632BC7763A00C94D14 /* FavoriteButton.swift */; };
		496AD1682BC7789C00C94D14 /* HexagonParameters.swift in Sources */ = {isa = PBXBuildFile; fileRef = 496AD1672BC7789B00C94D14 /* HexagonParameters.swift */; };
		496AD16B2BC778FE00C94D14 /* BadgeBackground.swift in Sources */ = {isa = PBXBuildFile; fileRef = 496AD16A2BC778FE00C94D14 /* BadgeBackground.swift */; };
		496AD16D2BC7798100C94D14 /* BadgeSymbol.swift in Sources */ = {isa = PBXBuildFile; fileRef = 496AD16C2BC7798100C94D14 /* BadgeSymbol.swift */; };
		496AD16F2BC779CB00C94D14 /* Badge.swift in Sources */ = {isa = PBXBuildFile; fileRef = 496AD16E2BC779CB00C94D14 /* Badge.swift */; };
		496AD1712BC77A1B00C94D14 /* RotatedBadgeSymbol.swift in Sources */ = {isa = PBXBuildFile; fileRef = 496AD1702BC77A1B00C94D14 /* RotatedBadgeSymbol.swift */; };
		496AD1732BC77ABD00C94D14 /* hikeData.json in Resources */ = {isa = PBXBuildFile; fileRef = 496AD1722BC77ABD00C94D14 /* hikeData.json */; };
		496AD1762BC77AE400C94D14 /* Hike.swift in Sources */ = {isa = PBXBuildFile; fileRef = 496AD1752BC77AE400C94D14 /* Hike.swift */; };
		496AD17C2BC77B9500C94D14 /* GraphCapsule.swift in Sources */ = {isa = PBXBuildFile; fileRef = 496AD1772BC77B9500C94D14 /* GraphCapsule.swift */; };
		496AD17D2BC77B9500C94D14 /* HikeDetail.swift in Sources */ = {isa = PBXBuildFile; fileRef = 496AD1782BC77B9500C94D14 /* HikeDetail.swift */; };
		496AD17E2BC77B9500C94D14 /* HikeGraph.swift in Sources */ = {isa = PBXBuildFile; fileRef = 496AD1792BC77B9500C94D14 /* HikeGraph.swift */; };
		496AD17F2BC77B9500C94D14 /* HikeView.swift in Sources */ = {isa = PBXBuildFile; fileRef = 496AD17A2BC77B9500C94D14 /* HikeView.swift */; };
/* End PBXBuildFile section */

/* Begin PBXContainerItemProxy section */
		496AD1332BC74E1100C94D14 /* PBXContainerItemProxy */ = {
			isa = PBXContainerItemProxy;
			containerPortal = 496AD11A2BC74E0F00C94D14 /* Project object */;
			proxyType = 1;
			remoteGlobalIDString = 496AD1212BC74E0F00C94D14;
			remoteInfo = Landmarks;
		};
		496AD13D2BC74E1100C94D14 /* PBXContainerItemProxy */ = {
			isa = PBXContainerItemProxy;
			containerPortal = 496AD11A2BC74E0F00C94D14 /* Project object */;
			proxyType = 1;
			remoteGlobalIDString = 496AD1212BC74E0F00C94D14;
			remoteInfo = Landmarks;
		};
/* End PBXContainerItemProxy section */

/* Begin PBXFileReference section */
		496AD1222BC74E0F00C94D14 /* Landmarks.app */ = {isa = PBXFileReference; explicitFileType = wrapper.application; includeInIndex = 0; path = Landmarks.app; sourceTree = BUILT_PRODUCTS_DIR; };
		496AD1252BC74E0F00C94D14 /* LandmarksApp.swift */ = {isa = PBXFileReference; lastKnownFileType = sourcecode.swift; path = LandmarksApp.swift; sourceTree = "<group>"; };
		496AD1272BC74E0F00C94D14 /* ContentView.swift */ = {isa = PBXFileReference; lastKnownFileType = sourcecode.swift; path = ContentView.swift; sourceTree = "<group>"; };
		496AD1292BC74E1100C94D14 /* Assets.xcassets */ = {isa = PBXFileReference; lastKnownFileType = folder.assetcatalog; path = Assets.xcassets; sourceTree = "<group>"; };
		496AD12C2BC74E1100C94D14 /* Preview Assets.xcassets */ = {isa = PBXFileReference; lastKnownFileType = folder.assetcatalog; path = "Preview Assets.xcassets"; sourceTree = "<group>"; };
		496AD1322BC74E1100C94D14 /* LandmarksTests.xctest */ = {isa = PBXFileReference; explicitFileType = wrapper.cfbundle; includeInIndex = 0; path = LandmarksTests.xctest; sourceTree = BUILT_PRODUCTS_DIR; };
		496AD1362BC74E1100C94D14 /* LandmarksTests.swift */ = {isa = PBXFileReference; lastKnownFileType = sourcecode.swift; path = LandmarksTests.swift; sourceTree = "<group>"; };
		496AD13C2BC74E1100C94D14 /* LandmarksUITests.xctest */ = {isa = PBXFileReference; explicitFileType = wrapper.cfbundle; includeInIndex = 0; path = LandmarksUITests.xctest; sourceTree = BUILT_PRODUCTS_DIR; };
		496AD1402BC74E1100C94D14 /* LandmarksUITests.swift */ = {isa = PBXFileReference; lastKnownFileType = sourcecode.swift; path = LandmarksUITests.swift; sourceTree = "<group>"; };
		496AD1422BC74E1100C94D14 /* LandmarksUITestsLaunchTests.swift */ = {isa = PBXFileReference; lastKnownFileType = sourcecode.swift; path = LandmarksUITestsLaunchTests.swift; sourceTree = "<group>"; };
		496AD14F2BC750B900C94D14 /* CircleImage.swift */ = {isa = PBXFileReference; lastKnownFileType = sourcecode.swift; path = CircleImage.swift; sourceTree = "<group>"; };
		496AD1512BC7512A00C94D14 /* MapView.swift */ = {isa = PBXFileReference; lastKnownFileType = sourcecode.swift; path = MapView.swift; sourceTree = "<group>"; };
		496AD1532BC76E4000C94D14 /* landmarkData.json */ = {isa = PBXFileReference; fileEncoding = 4; lastKnownFileType = text.json; path = landmarkData.json; sourceTree = "<group>"; };
		496AD1552BC76E6D00C94D14 /* Landmark.swift */ = {isa = PBXFileReference; lastKnownFileType = sourcecode.swift; path = Landmark.swift; sourceTree = "<group>"; };
		496AD1572BC76FAA00C94D14 /* ModelData.swift */ = {isa = PBXFileReference; lastKnownFileType = sourcecode.swift; path = ModelData.swift; sourceTree = "<group>"; };
		496AD15D2BC770CD00C94D14 /* LandmarkRow.swift */ = {isa = PBXFileReference; lastKnownFileType = sourcecode.swift; path = LandmarkRow.swift; sourceTree = "<group>"; };
		496AD15F2BC7719F00C94D14 /* LandmarkList.swift */ = {isa = PBXFileReference; lastKnownFileType = sourcecode.swift; path = LandmarkList.swift; sourceTree = "<group>"; };
		496AD1612BC7722E00C94D14 /* LandmarkDetail.swift */ = {isa = PBXFileReference; lastKnownFileType = sourcecode.swift; path = LandmarkDetail.swift; sourceTree = "<group>"; };
		496AD1632BC7763A00C94D14 /* FavoriteButton.swift */ = {isa = PBXFileReference; lastKnownFileType = sourcecode.swift; path = FavoriteButton.swift; sourceTree = "<group>"; };
		496AD1672BC7789B00C94D14 /* HexagonParameters.swift */ = {isa = PBXFileReference; lastKnownFileType = sourcecode.swift; path = HexagonParameters.swift; sourceTree = "<group>"; };
		496AD16A2BC778FE00C94D14 /* BadgeBackground.swift */ = {isa = PBXFileReference; lastKnownFileType = sourcecode.swift; path = BadgeBackground.swift; sourceTree = "<group>"; };
		496AD16C2BC7798100C94D14 /* BadgeSymbol.swift */ = {isa = PBXFileReference; lastKnownFileType = sourcecode.swift; path = BadgeSymbol.swift; sourceTree = "<group>"; };
		496AD16E2BC779CB00C94D14 /* Badge.swift */ = {isa = PBXFileReference; lastKnownFileType = sourcecode.swift; path = Badge.swift; sourceTree = "<group>"; };
		496AD1702BC77A1B00C94D14 /* RotatedBadgeSymbol.swift */ = {isa = PBXFileReference; lastKnownFileType = sourcecode.swift; path = RotatedBadgeSymbol.swift; sourceTree = "<group>"; };
		496AD1722BC77ABD00C94D14 /* hikeData.json */ = {isa = PBXFileReference; fileEncoding = 4; lastKnownFileType = text.json; path = hikeData.json; sourceTree = "<group>"; };
		496AD1752BC77AE400C94D14 /* Hike.swift */ = {isa = PBXFileReference; lastKnownFileType = sourcecode.swift; path = Hike.swift; sourceTree = "<group>"; };
		496AD1772BC77B9500C94D14 /* GraphCapsule.swift */ = {isa = PBXFileReference; fileEncoding = 4; lastKnownFileType = sourcecode.swift; path = GraphCapsule.swift; sourceTree = "<group>"; };
		496AD1782BC77B9500C94D14 /* HikeDetail.swift */ = {isa = PBXFileReference; fileEncoding = 4; lastKnownFileType = sourcecode.swift; path = HikeDetail.swift; sourceTree = "<group>"; };
		496AD1792BC77B9500C94D14 /* HikeGraph.swift */ = {isa = PBXFileReference; fileEncoding = 4; lastKnownFileType = sourcecode.swift; path = HikeGraph.swift; sourceTree = "<group>"; };
		496AD17A2BC77B9500C94D14 /* HikeView.swift */ = {isa = PBXFileReference; fileEncoding = 4; lastKnownFileType = sourcecode.swift; path = HikeView.swift; sourceTree = "<group>"; };
/* End PBXFileReference section */

/* Begin PBXFrameworksBuildPhase section */
		496AD11F2BC74E0F00C94D14 /* Frameworks */ = {
			isa = PBXFrameworksBuildPhase;
			buildActionMask = 2147483647;
			files = (
			);
			runOnlyForDeploymentPostprocessing = 0;
		};
		496AD12F2BC74E1100C94D14 /* Frameworks */ = {
			isa = PBXFrameworksBuildPhase;
			buildActionMask = 2147483647;
			files = (
			);
			runOnlyForDeploymentPostprocessing = 0;
		};
		496AD1392BC74E1100C94D14 /* Frameworks */ = {
			isa = PBXFrameworksBuildPhase;
			buildActionMask = 2147483647;
			files = (
			);
			runOnlyForDeploymentPostprocessing = 0;
		};
/* End PBXFrameworksBuildPhase section */

/* Begin PBXGroup section */
		496AD1192BC74E0F00C94D14 = {
			isa = PBXGroup;
			children = (
				496AD1242BC74E0F00C94D14 /* Landmarks */,
				496AD1352BC74E1100C94D14 /* LandmarksTests */,
				496AD13F2BC74E1100C94D14 /* LandmarksUITests */,
				496AD1232BC74E0F00C94D14 /* Products */,
			);
			sourceTree = "<group>";
		};
		496AD1232BC74E0F00C94D14 /* Products */ = {
			isa = PBXGroup;
			children = (
				496AD1222BC74E0F00C94D14 /* Landmarks.app */,
				496AD1322BC74E1100C94D14 /* LandmarksTests.xctest */,
				496AD13C2BC74E1100C94D14 /* LandmarksUITests.xctest */,
			);
			name = Products;
			sourceTree = "<group>";
		};
		496AD1242BC74E0F00C94D14 /* Landmarks */ = {
			isa = PBXGroup;
			children = (
				496AD15C2BC7703F00C94D14 /* Resources */,
				496AD1252BC74E0F00C94D14 /* LandmarksApp.swift */,
				496AD1592BC76FF600C94D14 /* Views */,
				496AD15B2BC7703200C94D14 /* Model */,
				496AD1292BC74E1100C94D14 /* Assets.xcassets */,
				496AD12B2BC74E1100C94D14 /* Preview Content */,
			);
			path = Landmarks;
			sourceTree = "<group>";
		};
		496AD12B2BC74E1100C94D14 /* Preview Content */ = {
			isa = PBXGroup;
			children = (
				496AD12C2BC74E1100C94D14 /* Preview Assets.xcassets */,
			);
			path = "Preview Content";
			sourceTree = "<group>";
		};
		496AD1352BC74E1100C94D14 /* LandmarksTests */ = {
			isa = PBXGroup;
			children = (
				496AD1362BC74E1100C94D14 /* LandmarksTests.swift */,
			);
			path = LandmarksTests;
			sourceTree = "<group>";
		};
		496AD13F2BC74E1100C94D14 /* LandmarksUITests */ = {
			isa = PBXGroup;
			children = (
				496AD1402BC74E1100C94D14 /* LandmarksUITests.swift */,
				496AD1422BC74E1100C94D14 /* LandmarksUITestsLaunchTests.swift */,
			);
			path = LandmarksUITests;
			sourceTree = "<group>";
		};
		496AD1592BC76FF600C94D14 /* Views */ = {
			isa = PBXGroup;
			children = (
				496AD17B2BC77B9500C94D14 /* Hikes */,
				496AD1692BC778BF00C94D14 /* Badges */,
				496AD1272BC74E0F00C94D14 /* ContentView.swift */,
				496AD1652BC7767B00C94D14 /* Helper */,
				496AD1662BC7769500C94D14 /* Landmarks */,
			);
			path = Views;
			sourceTree = "<group>";
		};
		496AD15B2BC7703200C94D14 /* Model */ = {
			isa = PBXGroup;
			children = (
				496AD1552BC76E6D00C94D14 /* Landmark.swift */,
				496AD1572BC76FAA00C94D14 /* ModelData.swift */,
				496AD1752BC77AE400C94D14 /* Hike.swift */,
			);
			path = Model;
			sourceTree = "<group>";
		};
		496AD15C2BC7703F00C94D14 /* Resources */ = {
			isa = PBXGroup;
			children = (
				496AD1722BC77ABD00C94D14 /* hikeData.json */,
				496AD1532BC76E4000C94D14 /* landmarkData.json */,
			);
			path = Resources;
			sourceTree = "<group>";
		};
		496AD1652BC7767B00C94D14 /* Helper */ = {
			isa = PBXGroup;
			children = (
				496AD14F2BC750B900C94D14 /* CircleImage.swift */,
				496AD1512BC7512A00C94D14 /* MapView.swift */,
				496AD1632BC7763A00C94D14 /* FavoriteButton.swift */,
			);
			path = Helper;
			sourceTree = "<group>";
		};
		496AD1662BC7769500C94D14 /* Landmarks */ = {
			isa = PBXGroup;
			children = (
				496AD15D2BC770CD00C94D14 /* LandmarkRow.swift */,
				496AD1612BC7722E00C94D14 /* LandmarkDetail.swift */,
				496AD15F2BC7719F00C94D14 /* LandmarkList.swift */,
			);
			path = Landmarks;
			sourceTree = "<group>";
		};
		496AD1692BC778BF00C94D14 /* Badges */ = {
			isa = PBXGroup;
			children = (
				496AD1672BC7789B00C94D14 /* HexagonParameters.swift */,
				496AD16A2BC778FE00C94D14 /* BadgeBackground.swift */,
				496AD16C2BC7798100C94D14 /* BadgeSymbol.swift */,
				496AD16E2BC779CB00C94D14 /* Badge.swift */,
				496AD1702BC77A1B00C94D14 /* RotatedBadgeSymbol.swift */,
			);
			path = Badges;
			sourceTree = "<group>";
		};
		496AD17B2BC77B9500C94D14 /* Hikes */ = {
			isa = PBXGroup;
			children = (
				496AD1772BC77B9500C94D14 /* GraphCapsule.swift */,
				496AD1782BC77B9500C94D14 /* HikeDetail.swift */,
				496AD1792BC77B9500C94D14 /* HikeGraph.swift */,
				496AD17A2BC77B9500C94D14 /* HikeView.swift */,
			);
			path = Hikes;
			sourceTree = "<group>";
		};
/* End PBXGroup section */

/* Begin PBXNativeTarget section */
		496AD1212BC74E0F00C94D14 /* Landmarks */ = {
			isa = PBXNativeTarget;
			buildConfigurationList = 496AD1462BC74E1100C94D14 /* Build configuration list for PBXNativeTarget "Landmarks" */;
			buildPhases = (
				496AD11E2BC74E0F00C94D14 /* Sources */,
				496AD11F2BC74E0F00C94D14 /* Frameworks */,
				496AD1202BC74E0F00C94D14 /* Resources */,
			);
			buildRules = (
			);
			dependencies = (
			);
			name = Landmarks;
			productName = Landmarks;
			productReference = 496AD1222BC74E0F00C94D14 /* Landmarks.app */;
			productType = "com.apple.product-type.application";
		};
		496AD1312BC74E1100C94D14 /* LandmarksTests */ = {
			isa = PBXNativeTarget;
			buildConfigurationList = 496AD1492BC74E1100C94D14 /* Build configuration list for PBXNativeTarget "LandmarksTests" */;
			buildPhases = (
				496AD12E2BC74E1100C94D14 /* Sources */,
				496AD12F2BC74E1100C94D14 /* Frameworks */,
				496AD1302BC74E1100C94D14 /* Resources */,
			);
			buildRules = (
			);
			dependencies = (
				496AD1342BC74E1100C94D14 /* PBXTargetDependency */,
			);
			name = LandmarksTests;
			productName = LandmarksTests;
			productReference = 496AD1322BC74E1100C94D14 /* LandmarksTests.xctest */;
			productType = "com.apple.product-type.bundle.unit-test";
		};
		496AD13B2BC74E1100C94D14 /* LandmarksUITests */ = {
			isa = PBXNativeTarget;
			buildConfigurationList = 496AD14C2BC74E1100C94D14 /* Build configuration list for PBXNativeTarget "LandmarksUITests" */;
			buildPhases = (
				496AD1382BC74E1100C94D14 /* Sources */,
				496AD1392BC74E1100C94D14 /* Frameworks */,
				496AD13A2BC74E1100C94D14 /* Resources */,
			);
			buildRules = (
			);
			dependencies = (
				496AD13E2BC74E1100C94D14 /* PBXTargetDependency */,
			);
			name = LandmarksUITests;
			productName = LandmarksUITests;
			productReference = 496AD13C2BC74E1100C94D14 /* LandmarksUITests.xctest */;
			productType = "com.apple.product-type.bundle.ui-testing";
		};
/* End PBXNativeTarget section */

/* Begin PBXProject section */
		496AD11A2BC74E0F00C94D14 /* Project object */ = {
			isa = PBXProject;
			attributes = {
				BuildIndependentTargetsInParallel = 1;
				LastSwiftUpdateCheck = 1530;
				LastUpgradeCheck = 1530;
				TargetAttributes = {
					496AD1212BC74E0F00C94D14 = {
						CreatedOnToolsVersion = 15.3;
					};
					496AD1312BC74E1100C94D14 = {
						CreatedOnToolsVersion = 15.3;
						TestTargetID = 496AD1212BC74E0F00C94D14;
					};
					496AD13B2BC74E1100C94D14 = {
						CreatedOnToolsVersion = 15.3;
						TestTargetID = 496AD1212BC74E0F00C94D14;
					};
				};
			};
			buildConfigurationList = 496AD11D2BC74E0F00C94D14 /* Build configuration list for PBXProject "Landmarks" */;
			compatibilityVersion = "Xcode 14.0";
			developmentRegion = en;
			hasScannedForEncodings = 0;
			knownRegions = (
				en,
				Base,
			);
			mainGroup = 496AD1192BC74E0F00C94D14;
			productRefGroup = 496AD1232BC74E0F00C94D14 /* Products */;
			projectDirPath = "";
			projectRoot = "";
			targets = (
				496AD1212BC74E0F00C94D14 /* Landmarks */,
				496AD1312BC74E1100C94D14 /* LandmarksTests */,
				496AD13B2BC74E1100C94D14 /* LandmarksUITests */,
			);
		};
/* End PBXProject section */

/* Begin PBXResourcesBuildPhase section */
		496AD1202BC74E0F00C94D14 /* Resources */ = {
			isa = PBXResourcesBuildPhase;
			buildActionMask = 2147483647;
			files = (
				496AD1732BC77ABD00C94D14 /* hikeData.json in Resources */,
				496AD12D2BC74E1100C94D14 /* Preview Assets.xcassets in Resources */,
				496AD12A2BC74E1100C94D14 /* Assets.xcassets in Resources */,
				496AD1542BC76E4000C94D14 /* landmarkData.json in Resources */,
			);
			runOnlyForDeploymentPostprocessing = 0;
		};
		496AD1302BC74E1100C94D14 /* Resources */ = {
			isa = PBXResourcesBuildPhase;
			buildActionMask = 2147483647;
			files = (
			);
			runOnlyForDeploymentPostprocessing = 0;
		};
		496AD13A2BC74E1100C94D14 /* Resources */ = {
			isa = PBXResourcesBuildPhase;
			buildActionMask = 2147483647;
			files = (
			);
			runOnlyForDeploymentPostprocessing = 0;
		};
/* End PBXResourcesBuildPhase section */

/* Begin PBXSourcesBuildPhase section */
		496AD11E2BC74E0F00C94D14 /* Sources */ = {
			isa = PBXSourcesBuildPhase;
			buildActionMask = 2147483647;
			files = (
				496AD1282BC74E0F00C94D14 /* ContentView.swift in Sources */,
				496AD1522BC7512A00C94D14 /* MapView.swift in Sources */,
				496AD1262BC74E0F00C94D14 /* LandmarksApp.swift in Sources */,
				496AD17C2BC77B9500C94D14 /* GraphCapsule.swift in Sources */,
				496AD17E2BC77B9500C94D14 /* HikeGraph.swift in Sources */,
				496AD1642BC7763A00C94D14 /* FavoriteButton.swift in Sources */,
				496AD1682BC7789C00C94D14 /* HexagonParameters.swift in Sources */,
				496AD16D2BC7798100C94D14 /* BadgeSymbol.swift in Sources */,
				496AD1762BC77AE400C94D14 /* Hike.swift in Sources */,
				496AD1602BC7719F00C94D14 /* LandmarkList.swift in Sources */,
				496AD16F2BC779CB00C94D14 /* Badge.swift in Sources */,
				496AD1712BC77A1B00C94D14 /* RotatedBadgeSymbol.swift in Sources */,
				496AD17D2BC77B9500C94D14 /* HikeDetail.swift in Sources */,
				496AD17F2BC77B9500C94D14 /* HikeView.swift in Sources */,
				496AD1622BC7722E00C94D14 /* LandmarkDetail.swift in Sources */,
				496AD16B2BC778FE00C94D14 /* BadgeBackground.swift in Sources */,
				496AD1502BC750B900C94D14 /* CircleImage.swift in Sources */,
				496AD1562BC76E6D00C94D14 /* Landmark.swift in Sources */,
				496AD15E2BC770CD00C94D14 /* LandmarkRow.swift in Sources */,
				496AD1582BC76FAA00C94D14 /* ModelData.swift in Sources */,
			);
			runOnlyForDeploymentPostprocessing = 0;
		};
		496AD12E2BC74E1100C94D14 /* Sources */ = {
			isa = PBXSourcesBuildPhase;
			buildActionMask = 2147483647;
			files = (
				496AD1372BC74E1100C94D14 /* LandmarksTests.swift in Sources */,
			);
			runOnlyForDeploymentPostprocessing = 0;
		};
		496AD1382BC74E1100C94D14 /* Sources */ = {
			isa = PBXSourcesBuildPhase;
			buildActionMask = 2147483647;
			files = (
				496AD1432BC74E1100C94D14 /* LandmarksUITestsLaunchTests.swift in Sources */,
				496AD1412BC74E1100C94D14 /* LandmarksUITests.swift in Sources */,
			);
			runOnlyForDeploymentPostprocessing = 0;
		};
/* End PBXSourcesBuildPhase section */

/* Begin PBXTargetDependency section */
		496AD1342BC74E1100C94D14 /* PBXTargetDependency */ = {
			isa = PBXTargetDependency;
			target = 496AD1212BC74E0F00C94D14 /* Landmarks */;
			targetProxy = 496AD1332BC74E1100C94D14 /* PBXContainerItemProxy */;
		};
		496AD13E2BC74E1100C94D14 /* PBXTargetDependency */ = {
			isa = PBXTargetDependency;
			target = 496AD1212BC74E0F00C94D14 /* Landmarks */;
			targetProxy = 496AD13D2BC74E1100C94D14 /* PBXContainerItemProxy */;
		};
/* End PBXTargetDependency section */

/* Begin XCBuildConfiguration section */
		496AD1442BC74E1100C94D14 /* Debug */ = {
			isa = XCBuildConfiguration;
			buildSettings = {
				ALWAYS_SEARCH_USER_PATHS = NO;
				ASSETCATALOG_COMPILER_GENERATE_SWIFT_ASSET_SYMBOL_EXTENSIONS = YES;
				CLANG_ANALYZER_NONNULL = YES;
				CLANG_ANALYZER_NUMBER_OBJECT_CONVERSION = YES_AGGRESSIVE;
				CLANG_CXX_LANGUAGE_STANDARD = "gnu++20";
				CLANG_ENABLE_MODULES = YES;
				CLANG_ENABLE_OBJC_ARC = YES;
				CLANG_ENABLE_OBJC_WEAK = YES;
				CLANG_WARN_BLOCK_CAPTURE_AUTORELEASING = YES;
				CLANG_WARN_BOOL_CONVERSION = YES;
				CLANG_WARN_COMMA = YES;
				CLANG_WARN_CONSTANT_CONVERSION = YES;
				CLANG_WARN_DEPRECATED_OBJC_IMPLEMENTATIONS = YES;
				CLANG_WARN_DIRECT_OBJC_ISA_USAGE = YES_ERROR;
				CLANG_WARN_DOCUMENTATION_COMMENTS = YES;
				CLANG_WARN_EMPTY_BODY = YES;
				CLANG_WARN_ENUM_CONVERSION = YES;
				CLANG_WARN_INFINITE_RECURSION = YES;
				CLANG_WARN_INT_CONVERSION = YES;
				CLANG_WARN_NON_LITERAL_NULL_CONVERSION = YES;
				CLANG_WARN_OBJC_IMPLICIT_RETAIN_SELF = YES;
				CLANG_WARN_OBJC_LITERAL_CONVERSION = YES;
				CLANG_WARN_OBJC_ROOT_CLASS = YES_ERROR;
				CLANG_WARN_QUOTED_INCLUDE_IN_FRAMEWORK_HEADER = YES;
				CLANG_WARN_RANGE_LOOP_ANALYSIS = YES;
				CLANG_WARN_STRICT_PROTOTYPES = YES;
				CLANG_WARN_SUSPICIOUS_MOVE = YES;
				CLANG_WARN_UNGUARDED_AVAILABILITY = YES_AGGRESSIVE;
				CLANG_WARN_UNREACHABLE_CODE = YES;
				CLANG_WARN__DUPLICATE_METHOD_MATCH = YES;
				COPY_PHASE_STRIP = NO;
				DEBUG_INFORMATION_FORMAT = dwarf;
				ENABLE_STRICT_OBJC_MSGSEND = YES;
				ENABLE_TESTABILITY = YES;
				ENABLE_USER_SCRIPT_SANDBOXING = YES;
				GCC_C_LANGUAGE_STANDARD = gnu17;
				GCC_DYNAMIC_NO_PIC = NO;
				GCC_NO_COMMON_BLOCKS = YES;
				GCC_OPTIMIZATION_LEVEL = 0;
				GCC_PREPROCESSOR_DEFINITIONS = (
					"DEBUG=1",
					"$(inherited)",
				);
				GCC_WARN_64_TO_32_BIT_CONVERSION = YES;
				GCC_WARN_ABOUT_RETURN_TYPE = YES_ERROR;
				GCC_WARN_UNDECLARED_SELECTOR = YES;
				GCC_WARN_UNINITIALIZED_AUTOS = YES_AGGRESSIVE;
				GCC_WARN_UNUSED_FUNCTION = YES;
				GCC_WARN_UNUSED_VARIABLE = YES;
				IPHONEOS_DEPLOYMENT_TARGET = 17.4;
				LOCALIZATION_PREFERS_STRING_CATALOGS = YES;
				MTL_ENABLE_DEBUG_INFO = INCLUDE_SOURCE;
				MTL_FAST_MATH = YES;
				ONLY_ACTIVE_ARCH = YES;
				SDKROOT = iphoneos;
				SWIFT_ACTIVE_COMPILATION_CONDITIONS = "DEBUG $(inherited)";
				SWIFT_OPTIMIZATION_LEVEL = "-Onone";
			};
			name = Debug;
		};
		496AD1452BC74E1100C94D14 /* Release */ = {
			isa = XCBuildConfiguration;
			buildSettings = {
				ALWAYS_SEARCH_USER_PATHS = NO;
				ASSETCATALOG_COMPILER_GENERATE_SWIFT_ASSET_SYMBOL_EXTENSIONS = YES;
				CLANG_ANALYZER_NONNULL = YES;
				CLANG_ANALYZER_NUMBER_OBJECT_CONVERSION = YES_AGGRESSIVE;
				CLANG_CXX_LANGUAGE_STANDARD = "gnu++20";
				CLANG_ENABLE_MODULES = YES;
				CLANG_ENABLE_OBJC_ARC = YES;
				CLANG_ENABLE_OBJC_WEAK = YES;
				CLANG_WARN_BLOCK_CAPTURE_AUTORELEASING = YES;
				CLANG_WARN_BOOL_CONVERSION = YES;
				CLANG_WARN_COMMA = YES;
				CLANG_WARN_CONSTANT_CONVERSION = YES;
				CLANG_WARN_DEPRECATED_OBJC_IMPLEMENTATIONS = YES;
				CLANG_WARN_DIRECT_OBJC_ISA_USAGE = YES_ERROR;
				CLANG_WARN_DOCUMENTATION_COMMENTS = YES;
				CLANG_WARN_EMPTY_BODY = YES;
				CLANG_WARN_ENUM_CONVERSION = YES;
				CLANG_WARN_INFINITE_RECURSION = YES;
				CLANG_WARN_INT_CONVERSION = YES;
				CLANG_WARN_NON_LITERAL_NULL_CONVERSION = YES;
				CLANG_WARN_OBJC_IMPLICIT_RETAIN_SELF = YES;
				CLANG_WARN_OBJC_LITERAL_CONVERSION = YES;
				CLANG_WARN_OBJC_ROOT_CLASS = YES_ERROR;
				CLANG_WARN_QUOTED_INCLUDE_IN_FRAMEWORK_HEADER = YES;
				CLANG_WARN_RANGE_LOOP_ANALYSIS = YES;
				CLANG_WARN_STRICT_PROTOTYPES = YES;
				CLANG_WARN_SUSPICIOUS_MOVE = YES;
				CLANG_WARN_UNGUARDED_AVAILABILITY = YES_AGGRESSIVE;
				CLANG_WARN_UNREACHABLE_CODE = YES;
				CLANG_WARN__DUPLICATE_METHOD_MATCH = YES;
				COPY_PHASE_STRIP = NO;
				DEBUG_INFORMATION_FORMAT = "dwarf-with-dsym";
				ENABLE_NS_ASSERTIONS = NO;
				ENABLE_STRICT_OBJC_MSGSEND = YES;
				ENABLE_USER_SCRIPT_SANDBOXING = YES;
				GCC_C_LANGUAGE_STANDARD = gnu17;
				GCC_NO_COMMON_BLOCKS = YES;
				GCC_WARN_64_TO_32_BIT_CONVERSION = YES;
				GCC_WARN_ABOUT_RETURN_TYPE = YES_ERROR;
				GCC_WARN_UNDECLARED_SELECTOR = YES;
				GCC_WARN_UNINITIALIZED_AUTOS = YES_AGGRESSIVE;
				GCC_WARN_UNUSED_FUNCTION = YES;
				GCC_WARN_UNUSED_VARIABLE = YES;
				IPHONEOS_DEPLOYMENT_TARGET = 17.4;
				LOCALIZATION_PREFERS_STRING_CATALOGS = YES;
				MTL_ENABLE_DEBUG_INFO = NO;
				MTL_FAST_MATH = YES;
				SDKROOT = iphoneos;
				SWIFT_COMPILATION_MODE = wholemodule;
				VALIDATE_PRODUCT = YES;
			};
			name = Release;
		};
		496AD1472BC74E1100C94D14 /* Debug */ = {
			isa = XCBuildConfiguration;
			buildSettings = {
				ASSETCATALOG_COMPILER_APPICON_NAME = AppIcon;
				ASSETCATALOG_COMPILER_GLOBAL_ACCENT_COLOR_NAME = AccentColor;
				CODE_SIGN_STYLE = Automatic;
				CURRENT_PROJECT_VERSION = 1;
				DEVELOPMENT_ASSET_PATHS = "\"Landmarks/Preview Content\"";
				DEVELOPMENT_TEAM = M7C448YANA;
				ENABLE_PREVIEWS = YES;
				GENERATE_INFOPLIST_FILE = YES;
				INFOPLIST_KEY_UIApplicationSceneManifest_Generation = YES;
				INFOPLIST_KEY_UIApplicationSupportsIndirectInputEvents = YES;
				INFOPLIST_KEY_UILaunchScreen_Generation = YES;
				INFOPLIST_KEY_UISupportedInterfaceOrientations_iPad = "UIInterfaceOrientationPortrait UIInterfaceOrientationPortraitUpsideDown UIInterfaceOrientationLandscapeLeft UIInterfaceOrientationLandscapeRight";
				INFOPLIST_KEY_UISupportedInterfaceOrientations_iPhone = "UIInterfaceOrientationPortrait UIInterfaceOrientationLandscapeLeft UIInterfaceOrientationLandscapeRight";
				LD_RUNPATH_SEARCH_PATHS = (
					"$(inherited)",
					"@executable_path/Frameworks",
				);
				MARKETING_VERSION = 1.0;
				PRODUCT_BUNDLE_IDENTIFIER = tech.andrewkim.Landmarks;
				PRODUCT_NAME = "$(TARGET_NAME)";
				SWIFT_EMIT_LOC_STRINGS = YES;
				SWIFT_VERSION = 5.0;
				TARGETED_DEVICE_FAMILY = "1,2";
			};
			name = Debug;
		};
		496AD1482BC74E1100C94D14 /* Release */ = {
			isa = XCBuildConfiguration;
			buildSettings = {
				ASSETCATALOG_COMPILER_APPICON_NAME = AppIcon;
				ASSETCATALOG_COMPILER_GLOBAL_ACCENT_COLOR_NAME = AccentColor;
				CODE_SIGN_STYLE = Automatic;
				CURRENT_PROJECT_VERSION = 1;
				DEVELOPMENT_ASSET_PATHS = "\"Landmarks/Preview Content\"";
				DEVELOPMENT_TEAM = M7C448YANA;
				ENABLE_PREVIEWS = YES;
				GENERATE_INFOPLIST_FILE = YES;
				INFOPLIST_KEY_UIApplicationSceneManifest_Generation = YES;
				INFOPLIST_KEY_UIApplicationSupportsIndirectInputEvents = YES;
				INFOPLIST_KEY_UILaunchScreen_Generation = YES;
				INFOPLIST_KEY_UISupportedInterfaceOrientations_iPad = "UIInterfaceOrientationPortrait UIInterfaceOrientationPortraitUpsideDown UIInterfaceOrientationLandscapeLeft UIInterfaceOrientationLandscapeRight";
				INFOPLIST_KEY_UISupportedInterfaceOrientations_iPhone = "UIInterfaceOrientationPortrait UIInterfaceOrientationLandscapeLeft UIInterfaceOrientationLandscapeRight";
				LD_RUNPATH_SEARCH_PATHS = (
					"$(inherited)",
					"@executable_path/Frameworks",
				);
				MARKETING_VERSION = 1.0;
				PRODUCT_BUNDLE_IDENTIFIER = tech.andrewkim.Landmarks;
				PRODUCT_NAME = "$(TARGET_NAME)";
				SWIFT_EMIT_LOC_STRINGS = YES;
				SWIFT_VERSION = 5.0;
				TARGETED_DEVICE_FAMILY = "1,2";
			};
			name = Release;
		};
		496AD14A2BC74E1100C94D14 /* Debug */ = {
			isa = XCBuildConfiguration;
			buildSettings = {
				ALWAYS_EMBED_SWIFT_STANDARD_LIBRARIES = YES;
				BUNDLE_LOADER = "$(TEST_HOST)";
				CODE_SIGN_STYLE = Automatic;
				CURRENT_PROJECT_VERSION = 1;
				DEVELOPMENT_TEAM = M7C448YANA;
				GENERATE_INFOPLIST_FILE = YES;
				IPHONEOS_DEPLOYMENT_TARGET = 17.4;
				MARKETING_VERSION = 1.0;
				PRODUCT_BUNDLE_IDENTIFIER = tech.andrewkim.LandmarksTests;
				PRODUCT_NAME = "$(TARGET_NAME)";
				SWIFT_EMIT_LOC_STRINGS = NO;
				SWIFT_VERSION = 5.0;
				TARGETED_DEVICE_FAMILY = "1,2";
				TEST_HOST = "$(BUILT_PRODUCTS_DIR)/Landmarks.app/$(BUNDLE_EXECUTABLE_FOLDER_PATH)/Landmarks";
			};
			name = Debug;
		};
		496AD14B2BC74E1100C94D14 /* Release */ = {
			isa = XCBuildConfiguration;
			buildSettings = {
				ALWAYS_EMBED_SWIFT_STANDARD_LIBRARIES = YES;
				BUNDLE_LOADER = "$(TEST_HOST)";
				CODE_SIGN_STYLE = Automatic;
				CURRENT_PROJECT_VERSION = 1;
				DEVELOPMENT_TEAM = M7C448YANA;
				GENERATE_INFOPLIST_FILE = YES;
				IPHONEOS_DEPLOYMENT_TARGET = 17.4;
				MARKETING_VERSION = 1.0;
				PRODUCT_BUNDLE_IDENTIFIER = tech.andrewkim.LandmarksTests;
				PRODUCT_NAME = "$(TARGET_NAME)";
				SWIFT_EMIT_LOC_STRINGS = NO;
				SWIFT_VERSION = 5.0;
				TARGETED_DEVICE_FAMILY = "1,2";
				TEST_HOST = "$(BUILT_PRODUCTS_DIR)/Landmarks.app/$(BUNDLE_EXECUTABLE_FOLDER_PATH)/Landmarks";
			};
			name = Release;
		};
		496AD14D2BC74E1100C94D14 /* Debug */ = {
			isa = XCBuildConfiguration;
			buildSettings = {
				ALWAYS_EMBED_SWIFT_STANDARD_LIBRARIES = YES;
				CODE_SIGN_STYLE = Automatic;
				CURRENT_PROJECT_VERSION = 1;
				DEVELOPMENT_TEAM = M7C448YANA;
				GENERATE_INFOPLIST_FILE = YES;
				MARKETING_VERSION = 1.0;
				PRODUCT_BUNDLE_IDENTIFIER = tech.andrewkim.LandmarksUITests;
				PRODUCT_NAME = "$(TARGET_NAME)";
				SWIFT_EMIT_LOC_STRINGS = NO;
				SWIFT_VERSION = 5.0;
				TARGETED_DEVICE_FAMILY = "1,2";
				TEST_TARGET_NAME = Landmarks;
			};
			name = Debug;
		};
		496AD14E2BC74E1100C94D14 /* Release */ = {
			isa = XCBuildConfiguration;
			buildSettings = {
				ALWAYS_EMBED_SWIFT_STANDARD_LIBRARIES = YES;
				CODE_SIGN_STYLE = Automatic;
				CURRENT_PROJECT_VERSION = 1;
				DEVELOPMENT_TEAM = M7C448YANA;
				GENERATE_INFOPLIST_FILE = YES;
				MARKETING_VERSION = 1.0;
				PRODUCT_BUNDLE_IDENTIFIER = tech.andrewkim.LandmarksUITests;
				PRODUCT_NAME = "$(TARGET_NAME)";
				SWIFT_EMIT_LOC_STRINGS = NO;
				SWIFT_VERSION = 5.0;
				TARGETED_DEVICE_FAMILY = "1,2";
				TEST_TARGET_NAME = Landmarks;
			};
			name = Release;
		};
/* End XCBuildConfiguration section */

/* Begin XCConfigurationList section */
		496AD11D2BC74E0F00C94D14 /* Build configuration list for PBXProject "Landmarks" */ = {
			isa = XCConfigurationList;
			buildConfigurations = (
				496AD1442BC74E1100C94D14 /* Debug */,
				496AD1452BC74E1100C94D14 /* Release */,
			);
			defaultConfigurationIsVisible = 0;
			defaultConfigurationName = Release;
		};
		496AD1462BC74E1100C94D14 /* Build configuration list for PBXNativeTarget "Landmarks" */ = {
			isa = XCConfigurationList;
			buildConfigurations = (
				496AD1472BC74E1100C94D14 /* Debug */,
				496AD1482BC74E1100C94D14 /* Release */,
			);
			defaultConfigurationIsVisible = 0;
			defaultConfigurationName = Release;
		};
		496AD1492BC74E1100C94D14 /* Build configuration list for PBXNativeTarget "LandmarksTests" */ = {
			isa = XCConfigurationList;
			buildConfigurations = (
				496AD14A2BC74E1100C94D14 /* Debug */,
				496AD14B2BC74E1100C94D14 /* Release */,
			);
			defaultConfigurationIsVisible = 0;
			defaultConfigurationName = Release;
		};
		496AD14C2BC74E1100C94D14 /* Build configuration list for PBXNativeTarget "LandmarksUITests" */ = {
			isa = XCConfigurationList;
			buildConfigurations = (
				496AD14D2BC74E1100C94D14 /* Debug */,
				496AD14E2BC74E1100C94D14 /* Release */,
			);
			defaultConfigurationIsVisible = 0;
			defaultConfigurationName = Release;
		};
/* End XCConfigurationList section */
	};
	rootObject = 496AD11A2BC74E0F00C94D14 /* Project object */;
}
